// !$*UTF8*$!
{
	archiveVersion = 1;
	classes = {
	};
	objectVersion = 46;
	objects = {

/* Begin PBXBuildFile section */
		47D2008B1708AC5300AEA412 /* TTGoxSocketController.m in Sources */ = {isa = PBXBuildFile; fileRef = 47D2008A1708AC5300AEA412 /* TTGoxSocketController.m */; };
		47D2008C1708AC5300AEA412 /* TTGoxSocketController.m in Sources */ = {isa = PBXBuildFile; fileRef = 47D2008A1708AC5300AEA412 /* TTGoxSocketController.m */; };
		47D200A01709584200AEA412 /* CHANGELOG.md in Resources */ = {isa = PBXBuildFile; fileRef = 47D2009C1709584200AEA412 /* CHANGELOG.md */; };
		47D200A11709584200AEA412 /* CHANGELOG.md in Resources */ = {isa = PBXBuildFile; fileRef = 47D2009C1709584200AEA412 /* CHANGELOG.md */; };
		47D200A21709584200AEA412 /* JSONKit.m in Sources */ = {isa = PBXBuildFile; fileRef = 47D2009E1709584200AEA412 /* JSONKit.m */; settings = {COMPILER_FLAGS = "-fno-objc-arc"; }; };
		47D200A31709584200AEA412 /* JSONKit.m in Sources */ = {isa = PBXBuildFile; fileRef = 47D2009E1709584200AEA412 /* JSONKit.m */; };
		47D200A41709584200AEA412 /* README.md in Resources */ = {isa = PBXBuildFile; fileRef = 47D2009F1709584200AEA412 /* README.md */; };
		47D200A51709584200AEA412 /* README.md in Resources */ = {isa = PBXBuildFile; fileRef = 47D2009F1709584200AEA412 /* README.md */; };
		47D200A8170A47A800AEA412 /* TTOperationsController.m in Sources */ = {isa = PBXBuildFile; fileRef = 47D200A7170A47A800AEA412 /* TTOperationsController.m */; };
		47D200A9170A47A800AEA412 /* TTOperationsController.m in Sources */ = {isa = PBXBuildFile; fileRef = 47D200A7170A47A800AEA412 /* TTOperationsController.m */; };
		47D200AC170A48F800AEA412 /* TTGoxPrivateMessageController.m in Sources */ = {isa = PBXBuildFile; fileRef = 47D200AB170A48F800AEA412 /* TTGoxPrivateMessageController.m */; };
		47D200AD170A48F800AEA412 /* TTGoxPrivateMessageController.m in Sources */ = {isa = PBXBuildFile; fileRef = 47D200AB170A48F800AEA412 /* TTGoxPrivateMessageController.m */; };
		47D200B0170A491400AEA412 /* TTGoxResultMessageController.m in Sources */ = {isa = PBXBuildFile; fileRef = 47D200AF170A491300AEA412 /* TTGoxResultMessageController.m */; };
		47D200B1170A491400AEA412 /* TTGoxResultMessageController.m in Sources */ = {isa = PBXBuildFile; fileRef = 47D200AF170A491300AEA412 /* TTGoxResultMessageController.m */; };
		47D2FD261702764300AEA412 /* Cocoa.framework in Frameworks */ = {isa = PBXBuildFile; fileRef = 47D2FD251702764300AEA412 /* Cocoa.framework */; };
		47D2FD301702764300AEA412 /* InfoPlist.strings in Resources */ = {isa = PBXBuildFile; fileRef = 47D2FD2E1702764300AEA412 /* InfoPlist.strings */; };
		47D2FD321702764300AEA412 /* main.m in Sources */ = {isa = PBXBuildFile; fileRef = 47D2FD311702764300AEA412 /* main.m */; };
		47D2FD361702764300AEA412 /* Credits.rtf in Resources */ = {isa = PBXBuildFile; fileRef = 47D2FD341702764300AEA412 /* Credits.rtf */; };
		47D2FD391702764300AEA412 /* TTAppDelegate.m in Sources */ = {isa = PBXBuildFile; fileRef = 47D2FD381702764300AEA412 /* TTAppDelegate.m */; };
		47D2FD3C1702764300AEA412 /* MainMenu.xib in Resources */ = {isa = PBXBuildFile; fileRef = 47D2FD3A1702764300AEA412 /* MainMenu.xib */; };
		47D2FD3F1702764300AEA412 /* TulipTrader.xcdatamodeld in Sources */ = {isa = PBXBuildFile; fileRef = 47D2FD3D1702764300AEA412 /* TulipTrader.xcdatamodeld */; };
		47D2FD471702764300AEA412 /* SenTestingKit.framework in Frameworks */ = {isa = PBXBuildFile; fileRef = 47D2FD461702764300AEA412 /* SenTestingKit.framework */; };
		47D2FD481702764300AEA412 /* Cocoa.framework in Frameworks */ = {isa = PBXBuildFile; fileRef = 47D2FD251702764300AEA412 /* Cocoa.framework */; };
		47D2FD501702764300AEA412 /* InfoPlist.strings in Resources */ = {isa = PBXBuildFile; fileRef = 47D2FD4E1702764300AEA412 /* InfoPlist.strings */; };
		47D2FD531702764300AEA412 /* TulipTraderTests.m in Sources */ = {isa = PBXBuildFile; fileRef = 47D2FD521702764300AEA412 /* TulipTraderTests.m */; };
		47D2FE1B170376DB00AEA412 /* base64.c in Sources */ = {isa = PBXBuildFile; fileRef = 47D2FE14170376DB00AEA412 /* base64.c */; };
		47D2FE1C170376DB00AEA412 /* base64.c in Sources */ = {isa = PBXBuildFile; fileRef = 47D2FE14170376DB00AEA412 /* base64.c */; };
		47D2FE1D170376DB00AEA412 /* NSData+SRB64Additions.m in Sources */ = {isa = PBXBuildFile; fileRef = 47D2FE17170376DB00AEA412 /* NSData+SRB64Additions.m */; };
		47D2FE1E170376DB00AEA412 /* NSData+SRB64Additions.m in Sources */ = {isa = PBXBuildFile; fileRef = 47D2FE17170376DB00AEA412 /* NSData+SRB64Additions.m */; };
		47D2FE1F170376DB00AEA412 /* SRWebSocket.m in Sources */ = {isa = PBXBuildFile; fileRef = 47D2FE1A170376DB00AEA412 /* SRWebSocket.m */; };
		47D2FE20170376DB00AEA412 /* SRWebSocket.m in Sources */ = {isa = PBXBuildFile; fileRef = 47D2FE1A170376DB00AEA412 /* SRWebSocket.m */; };
		47D2FE221703780F00AEA412 /* CoreServices.framework in Frameworks */ = {isa = PBXBuildFile; fileRef = 47D2FE211703780F00AEA412 /* CoreServices.framework */; };
		47D2FE231703781E00AEA412 /* Foundation.framework in Frameworks */ = {isa = PBXBuildFile; fileRef = 47D2FD2A1702764300AEA412 /* Foundation.framework */; };
		47D2FE251703782600AEA412 /* libicucore.dylib in Frameworks */ = {isa = PBXBuildFile; fileRef = 47D2FE241703782600AEA412 /* libicucore.dylib */; };
		47D2FE271703786800AEA412 /* Security.framework in Frameworks */ = {isa = PBXBuildFile; fileRef = 47D2FE261703786800AEA412 /* Security.framework */; };
/* End PBXBuildFile section */

/* Begin PBXContainerItemProxy section */
		47D2FD491702764300AEA412 /* PBXContainerItemProxy */ = {
			isa = PBXContainerItemProxy;
			containerPortal = 47D2FD1A1702764300AEA412 /* Project object */;
			proxyType = 1;
			remoteGlobalIDString = 47D2FD211702764300AEA412;
			remoteInfo = TulipTrader;
		};
/* End PBXContainerItemProxy section */

/* Begin PBXCopyFilesBuildPhase section */
		47D2FE0F1702894F00AEA412 /* CopyFiles */ = {
			isa = PBXCopyFilesBuildPhase;
			buildActionMask = 2147483647;
			dstPath = "";
			dstSubfolderSpec = 10;
			files = (
			);
			runOnlyForDeploymentPostprocessing = 0;
		};
/* End PBXCopyFilesBuildPhase section */

/* Begin PBXFileReference section */
		47D2007D1708AB7C00AEA412 /* RUClassOrNilUtil.h */ = {isa = PBXFileReference; fileEncoding = 4; lastKnownFileType = sourcecode.c.h; name = RUClassOrNilUtil.h; path = ResplendentUtilities/ResplendentUtilities/Misc/RUClassOrNilUtil.h; sourceTree = "<group>"; };
		47D2007E1708AB7C00AEA412 /* RUConstants.h */ = {isa = PBXFileReference; fileEncoding = 4; lastKnownFileType = sourcecode.c.h; name = RUConstants.h; path = ResplendentUtilities/ResplendentUtilities/Misc/RUConstants.h; sourceTree = "<group>"; };
		47D2007F1708AB7C00AEA412 /* RUDebug.h */ = {isa = PBXFileReference; fileEncoding = 4; lastKnownFileType = sourcecode.c.h; name = RUDebug.h; path = ResplendentUtilities/ResplendentUtilities/Misc/RUDebug.h; sourceTree = "<group>"; };
		47D200801708AB7C00AEA412 /* RUShowViewUtil.h */ = {isa = PBXFileReference; fileEncoding = 4; lastKnownFileType = sourcecode.c.h; name = RUShowViewUtil.h; path = ResplendentUtilities/ResplendentUtilities/Misc/RUShowViewUtil.h; sourceTree = "<group>"; };
		47D200811708AB7C00AEA412 /* RUSingleton.h */ = {isa = PBXFileReference; fileEncoding = 4; lastKnownFileType = sourcecode.c.h; name = RUSingleton.h; path = ResplendentUtilities/ResplendentUtilities/Misc/RUSingleton.h; sourceTree = "<group>"; };
		47D200821708AB7C00AEA412 /* RUStaticVariableSynthesization.h */ = {isa = PBXFileReference; fileEncoding = 4; lastKnownFileType = sourcecode.c.h; name = RUStaticVariableSynthesization.h; path = ResplendentUtilities/ResplendentUtilities/Misc/RUStaticVariableSynthesization.h; sourceTree = "<group>"; };
		47D200831708AB7C00AEA412 /* RUSynthesizeUserDefaultMethods.h */ = {isa = PBXFileReference; fileEncoding = 4; lastKnownFileType = sourcecode.c.h; name = RUSynthesizeUserDefaultMethods.h; path = ResplendentUtilities/ResplendentUtilities/Misc/RUSynthesizeUserDefaultMethods.h; sourceTree = "<group>"; };
		47D200891708AC5300AEA412 /* TTGoxSocketController.h */ = {isa = PBXFileReference; fileEncoding = 4; lastKnownFileType = sourcecode.c.h; path = TTGoxSocketController.h; sourceTree = "<group>"; };
		47D2008A1708AC5300AEA412 /* TTGoxSocketController.m */ = {isa = PBXFileReference; fileEncoding = 4; lastKnownFileType = sourcecode.c.objc; path = TTGoxSocketController.m; sourceTree = "<group>"; };
		47D2009C1709584200AEA412 /* CHANGELOG.md */ = {isa = PBXFileReference; fileEncoding = 4; lastKnownFileType = text; path = CHANGELOG.md; sourceTree = "<group>"; };
		47D2009D1709584200AEA412 /* JSONKit.h */ = {isa = PBXFileReference; fileEncoding = 4; lastKnownFileType = sourcecode.c.h; path = JSONKit.h; sourceTree = "<group>"; };
		47D2009E1709584200AEA412 /* JSONKit.m */ = {isa = PBXFileReference; fileEncoding = 4; lastKnownFileType = sourcecode.c.objc; path = JSONKit.m; sourceTree = "<group>"; };
		47D2009F1709584200AEA412 /* README.md */ = {isa = PBXFileReference; fileEncoding = 4; lastKnownFileType = text; path = README.md; sourceTree = "<group>"; };
		47D200A6170A47A800AEA412 /* TTOperationsController.h */ = {isa = PBXFileReference; fileEncoding = 4; lastKnownFileType = sourcecode.c.h; path = TTOperationsController.h; sourceTree = "<group>"; };
		47D200A7170A47A800AEA412 /* TTOperationsController.m */ = {isa = PBXFileReference; fileEncoding = 4; lastKnownFileType = sourcecode.c.objc; path = TTOperationsController.m; sourceTree = "<group>"; };
		47D200AA170A48F800AEA412 /* TTGoxPrivateMessageController.h */ = {isa = PBXFileReference; fileEncoding = 4; lastKnownFileType = sourcecode.c.h; path = TTGoxPrivateMessageController.h; sourceTree = "<group>"; };
		47D200AB170A48F800AEA412 /* TTGoxPrivateMessageController.m */ = {isa = PBXFileReference; fileEncoding = 4; lastKnownFileType = sourcecode.c.objc; path = TTGoxPrivateMessageController.m; sourceTree = "<group>"; };
		47D200AE170A491300AEA412 /* TTGoxResultMessageController.h */ = {isa = PBXFileReference; fileEncoding = 4; lastKnownFileType = sourcecode.c.h; path = TTGoxResultMessageController.h; sourceTree = "<group>"; };
		47D200AF170A491300AEA412 /* TTGoxResultMessageController.m */ = {isa = PBXFileReference; fileEncoding = 4; lastKnownFileType = sourcecode.c.objc; path = TTGoxResultMessageController.m; sourceTree = "<group>"; };
		47D2FD221702764300AEA412 /* TulipTrader.app */ = {isa = PBXFileReference; explicitFileType = wrapper.application; includeInIndex = 0; path = TulipTrader.app; sourceTree = BUILT_PRODUCTS_DIR; };
		47D2FD251702764300AEA412 /* Cocoa.framework */ = {isa = PBXFileReference; lastKnownFileType = wrapper.framework; name = Cocoa.framework; path = System/Library/Frameworks/Cocoa.framework; sourceTree = SDKROOT; };
		47D2FD281702764300AEA412 /* AppKit.framework */ = {isa = PBXFileReference; lastKnownFileType = wrapper.framework; name = AppKit.framework; path = System/Library/Frameworks/AppKit.framework; sourceTree = SDKROOT; };
		47D2FD291702764300AEA412 /* CoreData.framework */ = {isa = PBXFileReference; lastKnownFileType = wrapper.framework; name = CoreData.framework; path = System/Library/Frameworks/CoreData.framework; sourceTree = SDKROOT; };
		47D2FD2A1702764300AEA412 /* Foundation.framework */ = {isa = PBXFileReference; lastKnownFileType = wrapper.framework; name = Foundation.framework; path = System/Library/Frameworks/Foundation.framework; sourceTree = SDKROOT; };
		47D2FD2D1702764300AEA412 /* TulipTrader-Info.plist */ = {isa = PBXFileReference; lastKnownFileType = text.plist.xml; path = "TulipTrader-Info.plist"; sourceTree = "<group>"; };
		47D2FD2F1702764300AEA412 /* en */ = {isa = PBXFileReference; lastKnownFileType = text.plist.strings; name = en; path = en.lproj/InfoPlist.strings; sourceTree = "<group>"; };
		47D2FD311702764300AEA412 /* main.m */ = {isa = PBXFileReference; lastKnownFileType = sourcecode.c.objc; path = main.m; sourceTree = "<group>"; };
		47D2FD331702764300AEA412 /* TulipTrader-Prefix.pch */ = {isa = PBXFileReference; lastKnownFileType = sourcecode.c.h; path = "TulipTrader-Prefix.pch"; sourceTree = "<group>"; };
		47D2FD351702764300AEA412 /* en */ = {isa = PBXFileReference; lastKnownFileType = text.rtf; name = en; path = en.lproj/Credits.rtf; sourceTree = "<group>"; };
		47D2FD371702764300AEA412 /* TTAppDelegate.h */ = {isa = PBXFileReference; lastKnownFileType = sourcecode.c.h; path = TTAppDelegate.h; sourceTree = "<group>"; };
		47D2FD381702764300AEA412 /* TTAppDelegate.m */ = {isa = PBXFileReference; lastKnownFileType = sourcecode.c.objc; path = TTAppDelegate.m; sourceTree = "<group>"; };
		47D2FD3B1702764300AEA412 /* en */ = {isa = PBXFileReference; lastKnownFileType = file.xib; name = en; path = en.lproj/MainMenu.xib; sourceTree = "<group>"; };
		47D2FD3E1702764300AEA412 /* TulipTrader.xcdatamodel */ = {isa = PBXFileReference; lastKnownFileType = wrapper.xcdatamodel; path = TulipTrader.xcdatamodel; sourceTree = "<group>"; };
		47D2FD451702764300AEA412 /* TulipTraderTests.octest */ = {isa = PBXFileReference; explicitFileType = wrapper.cfbundle; includeInIndex = 0; path = TulipTraderTests.octest; sourceTree = BUILT_PRODUCTS_DIR; };
		47D2FD461702764300AEA412 /* SenTestingKit.framework */ = {isa = PBXFileReference; lastKnownFileType = wrapper.framework; name = SenTestingKit.framework; path = Library/Frameworks/SenTestingKit.framework; sourceTree = DEVELOPER_DIR; };
		47D2FD4D1702764300AEA412 /* TulipTraderTests-Info.plist */ = {isa = PBXFileReference; lastKnownFileType = text.plist.xml; path = "TulipTraderTests-Info.plist"; sourceTree = "<group>"; };
		47D2FD4F1702764300AEA412 /* en */ = {isa = PBXFileReference; lastKnownFileType = text.plist.strings; name = en; path = en.lproj/InfoPlist.strings; sourceTree = "<group>"; };
		47D2FD511702764300AEA412 /* TulipTraderTests.h */ = {isa = PBXFileReference; lastKnownFileType = sourcecode.c.h; path = TulipTraderTests.h; sourceTree = "<group>"; };
		47D2FD521702764300AEA412 /* TulipTraderTests.m */ = {isa = PBXFileReference; lastKnownFileType = sourcecode.c.objc; path = TulipTraderTests.m; sourceTree = "<group>"; };
		47D2FE14170376DB00AEA412 /* base64.c */ = {isa = PBXFileReference; fileEncoding = 4; lastKnownFileType = sourcecode.c.c; name = base64.c; path = Library/SocketRocket/SocketRocket/base64.c; sourceTree = "<group>"; };
		47D2FE15170376DB00AEA412 /* base64.h */ = {isa = PBXFileReference; fileEncoding = 4; lastKnownFileType = sourcecode.c.h; name = base64.h; path = Library/SocketRocket/SocketRocket/base64.h; sourceTree = "<group>"; };
		47D2FE16170376DB00AEA412 /* NSData+SRB64Additions.h */ = {isa = PBXFileReference; fileEncoding = 4; lastKnownFileType = sourcecode.c.h; name = "NSData+SRB64Additions.h"; path = "Library/SocketRocket/SocketRocket/NSData+SRB64Additions.h"; sourceTree = "<group>"; };
		47D2FE17170376DB00AEA412 /* NSData+SRB64Additions.m */ = {isa = PBXFileReference; fileEncoding = 4; lastKnownFileType = sourcecode.c.objc; name = "NSData+SRB64Additions.m"; path = "Library/SocketRocket/SocketRocket/NSData+SRB64Additions.m"; sourceTree = "<group>"; };
		47D2FE18170376DB00AEA412 /* SocketRocket-Prefix.pch */ = {isa = PBXFileReference; fileEncoding = 4; lastKnownFileType = sourcecode.c.h; name = "SocketRocket-Prefix.pch"; path = "Library/SocketRocket/SocketRocket/SocketRocket-Prefix.pch"; sourceTree = "<group>"; };
		47D2FE19170376DB00AEA412 /* SRWebSocket.h */ = {isa = PBXFileReference; fileEncoding = 4; lastKnownFileType = sourcecode.c.h; name = SRWebSocket.h; path = Library/SocketRocket/SocketRocket/SRWebSocket.h; sourceTree = "<group>"; };
		47D2FE1A170376DB00AEA412 /* SRWebSocket.m */ = {isa = PBXFileReference; fileEncoding = 4; lastKnownFileType = sourcecode.c.objc; name = SRWebSocket.m; path = Library/SocketRocket/SocketRocket/SRWebSocket.m; sourceTree = "<group>"; };
		47D2FE211703780F00AEA412 /* CoreServices.framework */ = {isa = PBXFileReference; lastKnownFileType = wrapper.framework; name = CoreServices.framework; path = System/Library/Frameworks/CoreServices.framework; sourceTree = SDKROOT; };
		47D2FE241703782600AEA412 /* libicucore.dylib */ = {isa = PBXFileReference; lastKnownFileType = "compiled.mach-o.dylib"; name = libicucore.dylib; path = usr/lib/libicucore.dylib; sourceTree = SDKROOT; };
		47D2FE261703786800AEA412 /* Security.framework */ = {isa = PBXFileReference; lastKnownFileType = wrapper.framework; name = Security.framework; path = System/Library/Frameworks/Security.framework; sourceTree = SDKROOT; };
/* End PBXFileReference section */

/* Begin PBXFrameworksBuildPhase section */
		47D2FD1F1702764300AEA412 /* Frameworks */ = {
			isa = PBXFrameworksBuildPhase;
			buildActionMask = 2147483647;
			files = (
				47D2FE271703786800AEA412 /* Security.framework in Frameworks */,
				47D2FE251703782600AEA412 /* libicucore.dylib in Frameworks */,
				47D2FE231703781E00AEA412 /* Foundation.framework in Frameworks */,
				47D2FE221703780F00AEA412 /* CoreServices.framework in Frameworks */,
				47D2FD261702764300AEA412 /* Cocoa.framework in Frameworks */,
			);
			runOnlyForDeploymentPostprocessing = 0;
		};
		47D2FD411702764300AEA412 /* Frameworks */ = {
			isa = PBXFrameworksBuildPhase;
			buildActionMask = 2147483647;
			files = (
				47D2FD471702764300AEA412 /* SenTestingKit.framework in Frameworks */,
				47D2FD481702764300AEA412 /* Cocoa.framework in Frameworks */,
			);
			runOnlyForDeploymentPostprocessing = 0;
		};
/* End PBXFrameworksBuildPhase section */

/* Begin PBXGroup section */
		47D200881708AC2000AEA412 /* Controller */ = {
			isa = PBXGroup;
			children = (
				47D200891708AC5300AEA412 /* TTGoxSocketController.h */,
				47D2008A1708AC5300AEA412 /* TTGoxSocketController.m */,
				47D200A6170A47A800AEA412 /* TTOperationsController.h */,
				47D200A7170A47A800AEA412 /* TTOperationsController.m */,
				47D200AA170A48F800AEA412 /* TTGoxPrivateMessageController.h */,
				47D200AB170A48F800AEA412 /* TTGoxPrivateMessageController.m */,
				47D200AE170A491300AEA412 /* TTGoxResultMessageController.h */,
				47D200AF170A491300AEA412 /* TTGoxResultMessageController.m */,
			);
			path = Controller;
			sourceTree = "<group>";
		};
		47D2009B1709584200AEA412 /* JSONKit */ = {
			isa = PBXGroup;
			children = (
				47D2009C1709584200AEA412 /* CHANGELOG.md */,
				47D2009D1709584200AEA412 /* JSONKit.h */,
				47D2009E1709584200AEA412 /* JSONKit.m */,
				47D2009F1709584200AEA412 /* README.md */,
			);
			path = JSONKit;
			sourceTree = "<group>";
		};
		47D2FD191702764300AEA412 = {
			isa = PBXGroup;
			children = (
				47D2FD2B1702764300AEA412 /* TulipTrader */,
				47D2FD4B1702764300AEA412 /* TulipTraderTests */,
				47D2FD241702764300AEA412 /* Frameworks */,
				47D2FD231702764300AEA412 /* Products */,
			);
			sourceTree = "<group>";
		};
		47D2FD231702764300AEA412 /* Products */ = {
			isa = PBXGroup;
			children = (
				47D2FD221702764300AEA412 /* TulipTrader.app */,
				47D2FD451702764300AEA412 /* TulipTraderTests.octest */,
			);
			name = Products;
			sourceTree = "<group>";
		};
		47D2FD241702764300AEA412 /* Frameworks */ = {
			isa = PBXGroup;
			children = (
				47D2FE261703786800AEA412 /* Security.framework */,
				47D2FE241703782600AEA412 /* libicucore.dylib */,
				47D2FE211703780F00AEA412 /* CoreServices.framework */,
				47D2FD251702764300AEA412 /* Cocoa.framework */,
				47D2FD461702764300AEA412 /* SenTestingKit.framework */,
				47D2FD271702764300AEA412 /* Other Frameworks */,
			);
			name = Frameworks;
			sourceTree = "<group>";
		};
		47D2FD271702764300AEA412 /* Other Frameworks */ = {
			isa = PBXGroup;
			children = (
				47D2FD281702764300AEA412 /* AppKit.framework */,
				47D2FD291702764300AEA412 /* CoreData.framework */,
				47D2FD2A1702764300AEA412 /* Foundation.framework */,
			);
			name = "Other Frameworks";
			sourceTree = "<group>";
		};
		47D2FD2B1702764300AEA412 /* TulipTrader */ = {
			isa = PBXGroup;
			children = (
				47D200881708AC2000AEA412 /* Controller */,
				47D2FE2B1708A94000AEA412 /* Library */,
				47D2FD371702764300AEA412 /* TTAppDelegate.h */,
				47D2FD381702764300AEA412 /* TTAppDelegate.m */,
				47D2FD3A1702764300AEA412 /* MainMenu.xib */,
				47D2FD3D1702764300AEA412 /* TulipTrader.xcdatamodeld */,
				47D2FDFE1702880100AEA412 /* SocketRocket */,
				47D2FD2C1702764300AEA412 /* Supporting Files */,
			);
			path = TulipTrader;
			sourceTree = "<group>";
		};
		47D2FD2C1702764300AEA412 /* Supporting Files */ = {
			isa = PBXGroup;
			children = (
				47D2FD2D1702764300AEA412 /* TulipTrader-Info.plist */,
				47D2FD2E1702764300AEA412 /* InfoPlist.strings */,
				47D2FD311702764300AEA412 /* main.m */,
				47D2FD331702764300AEA412 /* TulipTrader-Prefix.pch */,
				47D2FD341702764300AEA412 /* Credits.rtf */,
			);
			name = "Supporting Files";
			sourceTree = "<group>";
		};
		47D2FD4B1702764300AEA412 /* TulipTraderTests */ = {
			isa = PBXGroup;
			children = (
				47D2FD511702764300AEA412 /* TulipTraderTests.h */,
				47D2FD521702764300AEA412 /* TulipTraderTests.m */,
				47D2FD4C1702764300AEA412 /* Supporting Files */,
			);
			path = TulipTraderTests;
			sourceTree = "<group>";
		};
		47D2FD4C1702764300AEA412 /* Supporting Files */ = {
			isa = PBXGroup;
			children = (
				47D2FD4D1702764300AEA412 /* TulipTraderTests-Info.plist */,
				47D2FD4E1702764300AEA412 /* InfoPlist.strings */,
			);
			name = "Supporting Files";
			sourceTree = "<group>";
		};
		47D2FDFE1702880100AEA412 /* SocketRocket */ = {
			isa = PBXGroup;
			children = (
				47D2FE14170376DB00AEA412 /* base64.c */,
				47D2FE15170376DB00AEA412 /* base64.h */,
				47D2FE16170376DB00AEA412 /* NSData+SRB64Additions.h */,
				47D2FE17170376DB00AEA412 /* NSData+SRB64Additions.m */,
				47D2FE18170376DB00AEA412 /* SocketRocket-Prefix.pch */,
				47D2FE19170376DB00AEA412 /* SRWebSocket.h */,
				47D2FE1A170376DB00AEA412 /* SRWebSocket.m */,
			);
			name = SocketRocket;
			sourceTree = "<group>";
		};
		47D2FE2B1708A94000AEA412 /* Library */ = {
			isa = PBXGroup;
			children = (
				47D2009B1709584200AEA412 /* JSONKit */,
				47D2007D1708AB7C00AEA412 /* RUClassOrNilUtil.h */,
				47D2007E1708AB7C00AEA412 /* RUConstants.h */,
				47D2007F1708AB7C00AEA412 /* RUDebug.h */,
				47D200801708AB7C00AEA412 /* RUShowViewUtil.h */,
				47D200811708AB7C00AEA412 /* RUSingleton.h */,
				47D200821708AB7C00AEA412 /* RUStaticVariableSynthesization.h */,
				47D200831708AB7C00AEA412 /* RUSynthesizeUserDefaultMethods.h */,
			);
			path = Library;
			sourceTree = "<group>";
		};
/* End PBXGroup section */

/* Begin PBXNativeTarget section */
		47D2FD211702764300AEA412 /* TulipTrader */ = {
			isa = PBXNativeTarget;
			buildConfigurationList = 47D2FD561702764300AEA412 /* Build configuration list for PBXNativeTarget "TulipTrader" */;
			buildPhases = (
				47D2FD1E1702764300AEA412 /* Sources */,
				47D2FD1F1702764300AEA412 /* Frameworks */,
				47D2FD201702764300AEA412 /* Resources */,
				47D2FE0F1702894F00AEA412 /* CopyFiles */,
			);
			buildRules = (
			);
			dependencies = (
			);
			name = TulipTrader;
			productName = TulipTrader;
			productReference = 47D2FD221702764300AEA412 /* TulipTrader.app */;
			productType = "com.apple.product-type.application";
		};
		47D2FD441702764300AEA412 /* TulipTraderTests */ = {
			isa = PBXNativeTarget;
			buildConfigurationList = 47D2FD591702764300AEA412 /* Build configuration list for PBXNativeTarget "TulipTraderTests" */;
			buildPhases = (
				47D2FD401702764300AEA412 /* Sources */,
				47D2FD411702764300AEA412 /* Frameworks */,
				47D2FD421702764300AEA412 /* Resources */,
				47D2FD431702764300AEA412 /* ShellScript */,
			);
			buildRules = (
			);
			dependencies = (
				47D2FD4A1702764300AEA412 /* PBXTargetDependency */,
			);
			name = TulipTraderTests;
			productName = TulipTraderTests;
			productReference = 47D2FD451702764300AEA412 /* TulipTraderTests.octest */;
			productType = "com.apple.product-type.bundle";
		};
/* End PBXNativeTarget section */

/* Begin PBXProject section */
		47D2FD1A1702764300AEA412 /* Project object */ = {
			isa = PBXProject;
			attributes = {
				CLASSPREFIX = TT;
				LastUpgradeCheck = 0460;
				ORGANIZATIONNAME = "Resplendent G.P. Sheldon Thomas";
			};
			buildConfigurationList = 47D2FD1D1702764300AEA412 /* Build configuration list for PBXProject "TulipTrader" */;
			compatibilityVersion = "Xcode 3.2";
			developmentRegion = English;
			hasScannedForEncodings = 0;
			knownRegions = (
				en,
			);
			mainGroup = 47D2FD191702764300AEA412;
			productRefGroup = 47D2FD231702764300AEA412 /* Products */;
			projectDirPath = "";
			projectRoot = "";
			targets = (
				47D2FD211702764300AEA412 /* TulipTrader */,
				47D2FD441702764300AEA412 /* TulipTraderTests */,
			);
		};
/* End PBXProject section */

/* Begin PBXResourcesBuildPhase section */
		47D2FD201702764300AEA412 /* Resources */ = {
			isa = PBXResourcesBuildPhase;
			buildActionMask = 2147483647;
			files = (
				47D2FD301702764300AEA412 /* InfoPlist.strings in Resources */,
				47D2FD361702764300AEA412 /* Credits.rtf in Resources */,
				47D2FD3C1702764300AEA412 /* MainMenu.xib in Resources */,
				47D200A01709584200AEA412 /* CHANGELOG.md in Resources */,
				47D200A41709584200AEA412 /* README.md in Resources */,
			);
			runOnlyForDeploymentPostprocessing = 0;
		};
		47D2FD421702764300AEA412 /* Resources */ = {
			isa = PBXResourcesBuildPhase;
			buildActionMask = 2147483647;
			files = (
				47D2FD501702764300AEA412 /* InfoPlist.strings in Resources */,
				47D200A11709584200AEA412 /* CHANGELOG.md in Resources */,
				47D200A51709584200AEA412 /* README.md in Resources */,
			);
			runOnlyForDeploymentPostprocessing = 0;
		};
/* End PBXResourcesBuildPhase section */

/* Begin PBXShellScriptBuildPhase section */
		47D2FD431702764300AEA412 /* ShellScript */ = {
			isa = PBXShellScriptBuildPhase;
			buildActionMask = 2147483647;
			files = (
			);
			inputPaths = (
			);
			outputPaths = (
			);
			runOnlyForDeploymentPostprocessing = 0;
			shellPath = /bin/sh;
			shellScript = "# Run the unit tests in this test bundle.\n\"${SYSTEM_DEVELOPER_DIR}/Tools/RunUnitTests\"\n";
		};
/* End PBXShellScriptBuildPhase section */

/* Begin PBXSourcesBuildPhase section */
		47D2FD1E1702764300AEA412 /* Sources */ = {
			isa = PBXSourcesBuildPhase;
			buildActionMask = 2147483647;
			files = (
				47D2FD321702764300AEA412 /* main.m in Sources */,
				47D2FD391702764300AEA412 /* TTAppDelegate.m in Sources */,
				47D2FD3F1702764300AEA412 /* TulipTrader.xcdatamodeld in Sources */,
				47D2FE1B170376DB00AEA412 /* base64.c in Sources */,
				47D2FE1D170376DB00AEA412 /* NSData+SRB64Additions.m in Sources */,
				47D2FE1F170376DB00AEA412 /* SRWebSocket.m in Sources */,
				47D2008B1708AC5300AEA412 /* TTGoxSocketController.m in Sources */,
				47D200A21709584200AEA412 /* JSONKit.m in Sources */,
				47D200A8170A47A800AEA412 /* TTOperationsController.m in Sources */,
				47D200AC170A48F800AEA412 /* TTGoxPrivateMessageController.m in Sources */,
				47D200B0170A491400AEA412 /* TTGoxResultMessageController.m in Sources */,
			);
			runOnlyForDeploymentPostprocessing = 0;
		};
		47D2FD401702764300AEA412 /* Sources */ = {
			isa = PBXSourcesBuildPhase;
			buildActionMask = 2147483647;
			files = (
				47D2FD531702764300AEA412 /* TulipTraderTests.m in Sources */,
				47D2FE1C170376DB00AEA412 /* base64.c in Sources */,
				47D2FE1E170376DB00AEA412 /* NSData+SRB64Additions.m in Sources */,
				47D2FE20170376DB00AEA412 /* SRWebSocket.m in Sources */,
				47D2008C1708AC5300AEA412 /* TTGoxSocketController.m in Sources */,
				47D200A31709584200AEA412 /* JSONKit.m in Sources */,
				47D200A9170A47A800AEA412 /* TTOperationsController.m in Sources */,
				47D200AD170A48F800AEA412 /* TTGoxPrivateMessageController.m in Sources */,
				47D200B1170A491400AEA412 /* TTGoxResultMessageController.m in Sources */,
			);
			runOnlyForDeploymentPostprocessing = 0;
		};
/* End PBXSourcesBuildPhase section */

/* Begin PBXTargetDependency section */
		47D2FD4A1702764300AEA412 /* PBXTargetDependency */ = {
			isa = PBXTargetDependency;
			target = 47D2FD211702764300AEA412 /* TulipTrader */;
			targetProxy = 47D2FD491702764300AEA412 /* PBXContainerItemProxy */;
		};
/* End PBXTargetDependency section */

/* Begin PBXVariantGroup section */
		47D2FD2E1702764300AEA412 /* InfoPlist.strings */ = {
			isa = PBXVariantGroup;
			children = (
				47D2FD2F1702764300AEA412 /* en */,
			);
			name = InfoPlist.strings;
			sourceTree = "<group>";
		};
		47D2FD341702764300AEA412 /* Credits.rtf */ = {
			isa = PBXVariantGroup;
			children = (
				47D2FD351702764300AEA412 /* en */,
			);
			name = Credits.rtf;
			sourceTree = "<group>";
		};
		47D2FD3A1702764300AEA412 /* MainMenu.xib */ = {
			isa = PBXVariantGroup;
			children = (
				47D2FD3B1702764300AEA412 /* en */,
			);
			name = MainMenu.xib;
			sourceTree = "<group>";
		};
		47D2FD4E1702764300AEA412 /* InfoPlist.strings */ = {
			isa = PBXVariantGroup;
			children = (
				47D2FD4F1702764300AEA412 /* en */,
			);
			name = InfoPlist.strings;
			sourceTree = "<group>";
		};
/* End PBXVariantGroup section */

/* Begin XCBuildConfiguration section */
		47D2FD541702764300AEA412 /* Debug */ = {
			isa = XCBuildConfiguration;
			buildSettings = {
				ALWAYS_SEARCH_USER_PATHS = NO;
				ARCHS = "$(ARCHS_STANDARD_64_BIT)";
				CLANG_CXX_LANGUAGE_STANDARD = "gnu++0x";
				CLANG_CXX_LIBRARY = "libc++";
				CLANG_ENABLE_OBJC_ARC = YES;
				CLANG_WARN_CONSTANT_CONVERSION = YES;
				CLANG_WARN_EMPTY_BODY = YES;
				CLANG_WARN_ENUM_CONVERSION = YES;
				CLANG_WARN_INT_CONVERSION = YES;
				CLANG_WARN__DUPLICATE_METHOD_MATCH = YES;
				COPY_PHASE_STRIP = NO;
				GCC_C_LANGUAGE_STANDARD = gnu99;
				GCC_DYNAMIC_NO_PIC = NO;
				GCC_ENABLE_OBJC_EXCEPTIONS = YES;
				GCC_OPTIMIZATION_LEVEL = 0;
				GCC_PREPROCESSOR_DEFINITIONS = (
					"DEBUG=1",
					"$(inherited)",
				);
				GCC_SYMBOLS_PRIVATE_EXTERN = NO;
				GCC_WARN_64_TO_32_BIT_CONVERSION = YES;
				GCC_WARN_ABOUT_RETURN_TYPE = YES;
				GCC_WARN_UNINITIALIZED_AUTOS = YES;
				GCC_WARN_UNUSED_VARIABLE = YES;
				MACOSX_DEPLOYMENT_TARGET = 10.8;
				ONLY_ACTIVE_ARCH = YES;
				SDKROOT = macosx;
			};
			name = Debug;
		};
		47D2FD551702764300AEA412 /* Release */ = {
			isa = XCBuildConfiguration;
			buildSettings = {
				ALWAYS_SEARCH_USER_PATHS = NO;
				ARCHS = "$(ARCHS_STANDARD_64_BIT)";
				CLANG_CXX_LANGUAGE_STANDARD = "gnu++0x";
				CLANG_CXX_LIBRARY = "libc++";
				CLANG_ENABLE_OBJC_ARC = YES;
				CLANG_WARN_CONSTANT_CONVERSION = YES;
				CLANG_WARN_EMPTY_BODY = YES;
				CLANG_WARN_ENUM_CONVERSION = YES;
				CLANG_WARN_INT_CONVERSION = YES;
				CLANG_WARN__DUPLICATE_METHOD_MATCH = YES;
				COPY_PHASE_STRIP = YES;
				DEBUG_INFORMATION_FORMAT = "dwarf-with-dsym";
				GCC_C_LANGUAGE_STANDARD = gnu99;
				GCC_ENABLE_OBJC_EXCEPTIONS = YES;
				GCC_WARN_64_TO_32_BIT_CONVERSION = YES;
				GCC_WARN_ABOUT_RETURN_TYPE = YES;
				GCC_WARN_UNINITIALIZED_AUTOS = YES;
				GCC_WARN_UNUSED_VARIABLE = YES;
				MACOSX_DEPLOYMENT_TARGET = 10.8;
				SDKROOT = macosx;
			};
			name = Release;
		};
		47D2FD571702764300AEA412 /* Debug */ = {
			isa = XCBuildConfiguration;
			buildSettings = {
				COMBINE_HIDPI_IMAGES = YES;
				GCC_PRECOMPILE_PREFIX_HEADER = YES;
				GCC_PREFIX_HEADER = "TulipTrader/TulipTrader-Prefix.pch";
				INFOPLIST_FILE = "TulipTrader/TulipTrader-Info.plist";
				PRODUCT_NAME = "$(TARGET_NAME)";
				WRAPPER_EXTENSION = app;
			};
			name = Debug;
		};
		47D2FD581702764300AEA412 /* Release */ = {
			isa = XCBuildConfiguration;
			buildSettings = {
				COMBINE_HIDPI_IMAGES = YES;
				GCC_PRECOMPILE_PREFIX_HEADER = YES;
				GCC_PREFIX_HEADER = "TulipTrader/TulipTrader-Prefix.pch";
				INFOPLIST_FILE = "TulipTrader/TulipTrader-Info.plist";
				PRODUCT_NAME = "$(TARGET_NAME)";
				WRAPPER_EXTENSION = app;
			};
			name = Release;
		};
		47D2FD5A1702764300AEA412 /* Debug */ = {
			isa = XCBuildConfiguration;
			buildSettings = {
				BUNDLE_LOADER = "$(BUILT_PRODUCTS_DIR)/TulipTrader.app/Contents/MacOS/TulipTrader";
				COMBINE_HIDPI_IMAGES = YES;
				FRAMEWORK_SEARCH_PATHS = "\"$(DEVELOPER_LIBRARY_DIR)/Frameworks\"";
				GCC_PRECOMPILE_PREFIX_HEADER = YES;
				GCC_PREFIX_HEADER = "TulipTrader/TulipTrader-Prefix.pch";
				INFOPLIST_FILE = "TulipTraderTests/TulipTraderTests-Info.plist";
				PRODUCT_NAME = "$(TARGET_NAME)";
				TEST_HOST = "$(BUNDLE_LOADER)";
				WRAPPER_EXTENSION = octest;
			};
			name = Debug;
		};
		47D2FD5B1702764300AEA412 /* Release */ = {
			isa = XCBuildConfiguration;
			buildSettings = {
				BUNDLE_LOADER = "$(BUILT_PRODUCTS_DIR)/TulipTrader.app/Contents/MacOS/TulipTrader";
				COMBINE_HIDPI_IMAGES = YES;
				FRAMEWORK_SEARCH_PATHS = "\"$(DEVELOPER_LIBRARY_DIR)/Frameworks\"";
				GCC_PRECOMPILE_PREFIX_HEADER = YES;
				GCC_PREFIX_HEADER = "TulipTrader/TulipTrader-Prefix.pch";
				INFOPLIST_FILE = "TulipTraderTests/TulipTraderTests-Info.plist";
				PRODUCT_NAME = "$(TARGET_NAME)";
				TEST_HOST = "$(BUNDLE_LOADER)";
				WRAPPER_EXTENSION = octest;
			};
			name = Release;
		};
/* End XCBuildConfiguration section */

/* Begin XCConfigurationList section */
		47D2FD1D1702764300AEA412 /* Build configuration list for PBXProject "TulipTrader" */ = {
			isa = XCConfigurationList;
			buildConfigurations = (
				47D2FD541702764300AEA412 /* Debug */,
				47D2FD551702764300AEA412 /* Release */,
			);
			defaultConfigurationIsVisible = 0;
			defaultConfigurationName = Release;
		};
		47D2FD561702764300AEA412 /* Build configuration list for PBXNativeTarget "TulipTrader" */ = {
			isa = XCConfigurationList;
			buildConfigurations = (
				47D2FD571702764300AEA412 /* Debug */,
				47D2FD581702764300AEA412 /* Release */,
			);
			defaultConfigurationIsVisible = 0;
			defaultConfigurationName = Release;
		};
		47D2FD591702764300AEA412 /* Build configuration list for PBXNativeTarget "TulipTraderTests" */ = {
			isa = XCConfigurationList;
			buildConfigurations = (
				47D2FD5A1702764300AEA412 /* Debug */,
				47D2FD5B1702764300AEA412 /* Release */,
			);
			defaultConfigurationIsVisible = 0;
			defaultConfigurationName = Release;
		};
/* End XCConfigurationList section */

/* Begin XCVersionGroup section */
		47D2FD3D1702764300AEA412 /* TulipTrader.xcdatamodeld */ = {
			isa = XCVersionGroup;
			children = (
				47D2FD3E1702764300AEA412 /* TulipTrader.xcdatamodel */,
			);
			currentVersion = 47D2FD3E1702764300AEA412 /* TulipTrader.xcdatamodel */;
			path = TulipTrader.xcdatamodeld;
			sourceTree = "<group>";
			versionGroupType = wrapper.xcdatamodel;
		};
/* End XCVersionGroup section */
	};
	rootObject = 47D2FD1A1702764300AEA412 /* Project object */;
}
