// !$*UTF8*$!
{
	archiveVersion = 1;
	classes = {
	};
	objectVersion = 46;
	objects = {

/* Begin PBXBuildFile section */
		4707799A1739967100DBBC47 /* NSView+Utility.m in Sources */ = {isa = PBXBuildFile; fileRef = 470779991739967100DBBC47 /* NSView+Utility.m */; };
		4707799B1739967100DBBC47 /* NSView+Utility.m in Sources */ = {isa = PBXBuildFile; fileRef = 470779991739967100DBBC47 /* NSView+Utility.m */; };
		4707799E1739B32F00DBBC47 /* TTMarketBox.m in Sources */ = {isa = PBXBuildFile; fileRef = 4707799D1739B32F00DBBC47 /* TTMarketBox.m */; };
		4707799F1739B32F00DBBC47 /* TTMarketBox.m in Sources */ = {isa = PBXBuildFile; fileRef = 4707799D1739B32F00DBBC47 /* TTMarketBox.m */; };
		470779B41739B7A100DBBC47 /* AFHTTPClient.m in Sources */ = {isa = PBXBuildFile; fileRef = 470779A21739B7A100DBBC47 /* AFHTTPClient.m */; };
		470779B51739B7A100DBBC47 /* AFHTTPClient.m in Sources */ = {isa = PBXBuildFile; fileRef = 470779A21739B7A100DBBC47 /* AFHTTPClient.m */; };
		470779B61739B7A100DBBC47 /* AFHTTPRequestOperation.m in Sources */ = {isa = PBXBuildFile; fileRef = 470779A41739B7A100DBBC47 /* AFHTTPRequestOperation.m */; };
		470779B71739B7A100DBBC47 /* AFHTTPRequestOperation.m in Sources */ = {isa = PBXBuildFile; fileRef = 470779A41739B7A100DBBC47 /* AFHTTPRequestOperation.m */; };
		470779B81739B7A100DBBC47 /* AFImageRequestOperation.m in Sources */ = {isa = PBXBuildFile; fileRef = 470779A61739B7A100DBBC47 /* AFImageRequestOperation.m */; };
		470779B91739B7A100DBBC47 /* AFImageRequestOperation.m in Sources */ = {isa = PBXBuildFile; fileRef = 470779A61739B7A100DBBC47 /* AFImageRequestOperation.m */; };
		470779BA1739B7A100DBBC47 /* AFJSONRequestOperation.m in Sources */ = {isa = PBXBuildFile; fileRef = 470779A81739B7A100DBBC47 /* AFJSONRequestOperation.m */; };
		470779BB1739B7A100DBBC47 /* AFJSONRequestOperation.m in Sources */ = {isa = PBXBuildFile; fileRef = 470779A81739B7A100DBBC47 /* AFJSONRequestOperation.m */; };
		470779BC1739B7A100DBBC47 /* AFNetworkActivityIndicatorManager.m in Sources */ = {isa = PBXBuildFile; fileRef = 470779AA1739B7A100DBBC47 /* AFNetworkActivityIndicatorManager.m */; };
		470779BD1739B7A100DBBC47 /* AFNetworkActivityIndicatorManager.m in Sources */ = {isa = PBXBuildFile; fileRef = 470779AA1739B7A100DBBC47 /* AFNetworkActivityIndicatorManager.m */; };
		470779BE1739B7A100DBBC47 /* AFPropertyListRequestOperation.m in Sources */ = {isa = PBXBuildFile; fileRef = 470779AD1739B7A100DBBC47 /* AFPropertyListRequestOperation.m */; };
		470779BF1739B7A100DBBC47 /* AFPropertyListRequestOperation.m in Sources */ = {isa = PBXBuildFile; fileRef = 470779AD1739B7A100DBBC47 /* AFPropertyListRequestOperation.m */; };
		470779C01739B7A100DBBC47 /* AFURLConnectionOperation.m in Sources */ = {isa = PBXBuildFile; fileRef = 470779AF1739B7A100DBBC47 /* AFURLConnectionOperation.m */; };
		470779C11739B7A100DBBC47 /* AFURLConnectionOperation.m in Sources */ = {isa = PBXBuildFile; fileRef = 470779AF1739B7A100DBBC47 /* AFURLConnectionOperation.m */; };
		470779C21739B7A100DBBC47 /* AFXMLRequestOperation.m in Sources */ = {isa = PBXBuildFile; fileRef = 470779B11739B7A100DBBC47 /* AFXMLRequestOperation.m */; };
		470779C31739B7A100DBBC47 /* AFXMLRequestOperation.m in Sources */ = {isa = PBXBuildFile; fileRef = 470779B11739B7A100DBBC47 /* AFXMLRequestOperation.m */; };
		470779C41739B7A100DBBC47 /* UIImageView+AFNetworking.m in Sources */ = {isa = PBXBuildFile; fileRef = 470779B31739B7A100DBBC47 /* UIImageView+AFNetworking.m */; };
		470779C51739B7A100DBBC47 /* UIImageView+AFNetworking.m in Sources */ = {isa = PBXBuildFile; fileRef = 470779B31739B7A100DBBC47 /* UIImageView+AFNetworking.m */; };
		470779C71739B7C100DBBC47 /* SystemConfiguration.framework in Frameworks */ = {isa = PBXBuildFile; fileRef = 470779C61739B7C100DBBC47 /* SystemConfiguration.framework */; };
		470991551729D6240091E6E2 /* TTCurrencyBox.m in Sources */ = {isa = PBXBuildFile; fileRef = 470991541729D6240091E6E2 /* TTCurrencyBox.m */; };
		470991561729D6240091E6E2 /* TTCurrencyBox.m in Sources */ = {isa = PBXBuildFile; fileRef = 470991541729D6240091E6E2 /* TTCurrencyBox.m */; };
		473DF83D173AAAC600C356A1 /* QuartzCore.framework in Frameworks */ = {isa = PBXBuildFile; fileRef = 473DF83C173AAAC600C356A1 /* QuartzCore.framework */; };
		473DF845173ACE7F00C356A1 /* TTGraphsWindow.m in Sources */ = {isa = PBXBuildFile; fileRef = 473DF844173ACE7F00C356A1 /* TTGraphsWindow.m */; };
		473DF846173ACE7F00C356A1 /* TTGraphsWindow.m in Sources */ = {isa = PBXBuildFile; fileRef = 473DF844173ACE7F00C356A1 /* TTGraphsWindow.m */; };
		473DF884173BFB5400C356A1 /* TTGraphView.m in Sources */ = {isa = PBXBuildFile; fileRef = 473DF883173BFB5400C356A1 /* TTGraphView.m */; };
		473DF885173BFB5400C356A1 /* TTGraphView.m in Sources */ = {isa = PBXBuildFile; fileRef = 473DF883173BFB5400C356A1 /* TTGraphView.m */; };
		473DF895173C228900C356A1 /* CorePlot.framework in Frameworks */ = {isa = PBXBuildFile; fileRef = 473DF892173C1C8900C356A1 /* CorePlot.framework */; };
		473DF896173C22A500C356A1 /* CorePlot.framework in CopyFiles */ = {isa = PBXBuildFile; fileRef = 473DF892173C1C8900C356A1 /* CorePlot.framework */; };
		473DF89A173C4EF300C356A1 /* NSColor+Hex.m in Sources */ = {isa = PBXBuildFile; fileRef = 473DF899173C4EF300C356A1 /* NSColor+Hex.m */; };
		473DF89B173C4EF300C356A1 /* NSColor+Hex.m in Sources */ = {isa = PBXBuildFile; fileRef = 473DF899173C4EF300C356A1 /* NSColor+Hex.m */; };
		473DF8B2173DB89000C356A1 /* TTMenuBehaviorController.m in Sources */ = {isa = PBXBuildFile; fileRef = 473DF89E173DB89000C356A1 /* TTMenuBehaviorController.m */; };
		473DF8B3173DB89000C356A1 /* TTMenuBehaviorController.m in Sources */ = {isa = PBXBuildFile; fileRef = 473DF89E173DB89000C356A1 /* TTMenuBehaviorController.m */; };
		473DF8B4173DB89000C356A1 /* TTCoinbaseHTTPController.m in Sources */ = {isa = PBXBuildFile; fileRef = 473DF8A1173DB89000C356A1 /* TTCoinbaseHTTPController.m */; };
		473DF8B5173DB89000C356A1 /* TTCoinbaseHTTPController.m in Sources */ = {isa = PBXBuildFile; fileRef = 473DF8A1173DB89000C356A1 /* TTCoinbaseHTTPController.m */; };
		473DF8B6173DB89000C356A1 /* TTGoxCurrencyController.m in Sources */ = {isa = PBXBuildFile; fileRef = 473DF8A4173DB89000C356A1 /* TTGoxCurrencyController.m */; };
		473DF8B7173DB89000C356A1 /* TTGoxCurrencyController.m in Sources */ = {isa = PBXBuildFile; fileRef = 473DF8A4173DB89000C356A1 /* TTGoxCurrencyController.m */; };
		473DF8B8173DB89000C356A1 /* TTGoxHTTPController.m in Sources */ = {isa = PBXBuildFile; fileRef = 473DF8A6173DB89000C356A1 /* TTGoxHTTPController.m */; };
		473DF8B9173DB89000C356A1 /* TTGoxHTTPController.m in Sources */ = {isa = PBXBuildFile; fileRef = 473DF8A6173DB89000C356A1 /* TTGoxHTTPController.m */; };
		473DF8BA173DB89000C356A1 /* TTGoxPrivateMessageController.m in Sources */ = {isa = PBXBuildFile; fileRef = 473DF8A8173DB89000C356A1 /* TTGoxPrivateMessageController.m */; };
		473DF8BB173DB89000C356A1 /* TTGoxPrivateMessageController.m in Sources */ = {isa = PBXBuildFile; fileRef = 473DF8A8173DB89000C356A1 /* TTGoxPrivateMessageController.m */; };
		473DF8BC173DB89000C356A1 /* TTGoxResultMessageController.m in Sources */ = {isa = PBXBuildFile; fileRef = 473DF8AA173DB89000C356A1 /* TTGoxResultMessageController.m */; };
		473DF8BD173DB89000C356A1 /* TTGoxResultMessageController.m in Sources */ = {isa = PBXBuildFile; fileRef = 473DF8AA173DB89000C356A1 /* TTGoxResultMessageController.m */; };
		473DF8BE173DB89000C356A1 /* TTGoxSocketController.m in Sources */ = {isa = PBXBuildFile; fileRef = 473DF8AC173DB89000C356A1 /* TTGoxSocketController.m */; };
		473DF8BF173DB89000C356A1 /* TTGoxSocketController.m in Sources */ = {isa = PBXBuildFile; fileRef = 473DF8AC173DB89000C356A1 /* TTGoxSocketController.m */; };
		473DF8C0173DB89000C356A1 /* TTOperationsController.m in Sources */ = {isa = PBXBuildFile; fileRef = 473DF8AE173DB89000C356A1 /* TTOperationsController.m */; };
		473DF8C1173DB89000C356A1 /* TTOperationsController.m in Sources */ = {isa = PBXBuildFile; fileRef = 473DF8AE173DB89000C356A1 /* TTOperationsController.m */; };
		473DF8C2173DB89000C356A1 /* TTOERatesController.m in Sources */ = {isa = PBXBuildFile; fileRef = 473DF8B1173DB89000C356A1 /* TTOERatesController.m */; };
		473DF8C3173DB89000C356A1 /* TTOERatesController.m in Sources */ = {isa = PBXBuildFile; fileRef = 473DF8B1173DB89000C356A1 /* TTOERatesController.m */; };
		476DD9F21729A37D0076C301 /* TTStatusBarView.m in Sources */ = {isa = PBXBuildFile; fileRef = 476DD9F11729A37D0076C301 /* TTStatusBarView.m */; };
		476DD9F31729A37D0076C301 /* TTStatusBarView.m in Sources */ = {isa = PBXBuildFile; fileRef = 476DD9F11729A37D0076C301 /* TTStatusBarView.m */; };
		476DD9F61729A3C90076C301 /* TTTextView.m in Sources */ = {isa = PBXBuildFile; fileRef = 476DD9F51729A3C90076C301 /* TTTextView.m */; };
		476DD9F71729A3C90076C301 /* TTTextView.m in Sources */ = {isa = PBXBuildFile; fileRef = 476DD9F51729A3C90076C301 /* TTTextView.m */; };
		4770563A1721130B0084FE5F /* Depth.m in Sources */ = {isa = PBXBuildFile; fileRef = 477056391721130B0084FE5F /* Depth.m */; };
		4770563B1721130B0084FE5F /* Depth.m in Sources */ = {isa = PBXBuildFile; fileRef = 477056391721130B0084FE5F /* Depth.m */; };
		4770563E1721130B0084FE5F /* Tick.m in Sources */ = {isa = PBXBuildFile; fileRef = 4770563D1721130B0084FE5F /* Tick.m */; };
		4770563F1721130B0084FE5F /* Tick.m in Sources */ = {isa = PBXBuildFile; fileRef = 4770563D1721130B0084FE5F /* Tick.m */; };
		477056421721130C0084FE5F /* Ticker.m in Sources */ = {isa = PBXBuildFile; fileRef = 477056411721130B0084FE5F /* Ticker.m */; };
		477056431721130C0084FE5F /* Ticker.m in Sources */ = {isa = PBXBuildFile; fileRef = 477056411721130B0084FE5F /* Ticker.m */; };
		477056481721BCB90084FE5F /* TTGoxCurrency.m in Sources */ = {isa = PBXBuildFile; fileRef = 477056471721BCB80084FE5F /* TTGoxCurrency.m */; };
		478121141731BDAF00879CD6 /* TTArbitrageStackView.m in Sources */ = {isa = PBXBuildFile; fileRef = 478121131731BDAF00879CD6 /* TTArbitrageStackView.m */; };
		478121151731BDAF00879CD6 /* TTArbitrageStackView.m in Sources */ = {isa = PBXBuildFile; fileRef = 478121131731BDAF00879CD6 /* TTArbitrageStackView.m */; };
		478121181731C1BE00879CD6 /* TTArbitrageBox.m in Sources */ = {isa = PBXBuildFile; fileRef = 478121171731C1BE00879CD6 /* TTArbitrageBox.m */; };
		478121191731C1BE00879CD6 /* TTArbitrageBox.m in Sources */ = {isa = PBXBuildFile; fileRef = 478121171731C1BE00879CD6 /* TTArbitrageBox.m */; };
		479AE8AD17386B2D0043C10D /* TTAPIControlBoxView.m in Sources */ = {isa = PBXBuildFile; fileRef = 479AE8AC17386B2D0043C10D /* TTAPIControlBoxView.m */; };
		479AE8AE17386B2D0043C10D /* TTAPIControlBoxView.m in Sources */ = {isa = PBXBuildFile; fileRef = 479AE8AC17386B2D0043C10D /* TTAPIControlBoxView.m */; };
		47D200A01709584200AEA412 /* CHANGELOG.md in Resources */ = {isa = PBXBuildFile; fileRef = 47D2009C1709584200AEA412 /* CHANGELOG.md */; };
		47D200A11709584200AEA412 /* CHANGELOG.md in Resources */ = {isa = PBXBuildFile; fileRef = 47D2009C1709584200AEA412 /* CHANGELOG.md */; };
		47D200A21709584200AEA412 /* JSONKit.m in Sources */ = {isa = PBXBuildFile; fileRef = 47D2009E1709584200AEA412 /* JSONKit.m */; settings = {COMPILER_FLAGS = "-fno-objc-arc"; }; };
		47D200A31709584200AEA412 /* JSONKit.m in Sources */ = {isa = PBXBuildFile; fileRef = 47D2009E1709584200AEA412 /* JSONKit.m */; };
		47D200A41709584200AEA412 /* README.md in Resources */ = {isa = PBXBuildFile; fileRef = 47D2009F1709584200AEA412 /* README.md */; };
		47D200A51709584200AEA412 /* README.md in Resources */ = {isa = PBXBuildFile; fileRef = 47D2009F1709584200AEA412 /* README.md */; };
		47D200B3170D53A400AEA412 /* Data_Event_Formats.rtf in Resources */ = {isa = PBXBuildFile; fileRef = 47D200B2170D53A400AEA412 /* Data_Event_Formats.rtf */; };
		47D2FD261702764300AEA412 /* Cocoa.framework in Frameworks */ = {isa = PBXBuildFile; fileRef = 47D2FD251702764300AEA412 /* Cocoa.framework */; };
		47D2FD301702764300AEA412 /* InfoPlist.strings in Resources */ = {isa = PBXBuildFile; fileRef = 47D2FD2E1702764300AEA412 /* InfoPlist.strings */; };
		47D2FD321702764300AEA412 /* main.m in Sources */ = {isa = PBXBuildFile; fileRef = 47D2FD311702764300AEA412 /* main.m */; };
		47D2FD361702764300AEA412 /* Credits.rtf in Resources */ = {isa = PBXBuildFile; fileRef = 47D2FD341702764300AEA412 /* Credits.rtf */; };
		47D2FD391702764300AEA412 /* TTAppDelegate.m in Sources */ = {isa = PBXBuildFile; fileRef = 47D2FD381702764300AEA412 /* TTAppDelegate.m */; };
		47D2FD3C1702764300AEA412 /* MainMenu.xib in Resources */ = {isa = PBXBuildFile; fileRef = 47D2FD3A1702764300AEA412 /* MainMenu.xib */; };
		47D2FD3F1702764300AEA412 /* TulipTrader.xcdatamodeld in Sources */ = {isa = PBXBuildFile; fileRef = 47D2FD3D1702764300AEA412 /* TulipTrader.xcdatamodeld */; };
		47D2FD471702764300AEA412 /* SenTestingKit.framework in Frameworks */ = {isa = PBXBuildFile; fileRef = 47D2FD461702764300AEA412 /* SenTestingKit.framework */; };
		47D2FD481702764300AEA412 /* Cocoa.framework in Frameworks */ = {isa = PBXBuildFile; fileRef = 47D2FD251702764300AEA412 /* Cocoa.framework */; };
		47D2FD501702764300AEA412 /* InfoPlist.strings in Resources */ = {isa = PBXBuildFile; fileRef = 47D2FD4E1702764300AEA412 /* InfoPlist.strings */; };
		47D2FD531702764300AEA412 /* TulipTraderTests.m in Sources */ = {isa = PBXBuildFile; fileRef = 47D2FD521702764300AEA412 /* TulipTraderTests.m */; };
		47D2FE1B170376DB00AEA412 /* base64.c in Sources */ = {isa = PBXBuildFile; fileRef = 47D2FE14170376DB00AEA412 /* base64.c */; };
		47D2FE1C170376DB00AEA412 /* base64.c in Sources */ = {isa = PBXBuildFile; fileRef = 47D2FE14170376DB00AEA412 /* base64.c */; };
		47D2FE1D170376DB00AEA412 /* NSData+SRB64Additions.m in Sources */ = {isa = PBXBuildFile; fileRef = 47D2FE17170376DB00AEA412 /* NSData+SRB64Additions.m */; };
		47D2FE1E170376DB00AEA412 /* NSData+SRB64Additions.m in Sources */ = {isa = PBXBuildFile; fileRef = 47D2FE17170376DB00AEA412 /* NSData+SRB64Additions.m */; };
		47D2FE1F170376DB00AEA412 /* SRWebSocket.m in Sources */ = {isa = PBXBuildFile; fileRef = 47D2FE1A170376DB00AEA412 /* SRWebSocket.m */; };
		47D2FE20170376DB00AEA412 /* SRWebSocket.m in Sources */ = {isa = PBXBuildFile; fileRef = 47D2FE1A170376DB00AEA412 /* SRWebSocket.m */; };
		47D2FE221703780F00AEA412 /* CoreServices.framework in Frameworks */ = {isa = PBXBuildFile; fileRef = 47D2FE211703780F00AEA412 /* CoreServices.framework */; };
		47D2FE231703781E00AEA412 /* Foundation.framework in Frameworks */ = {isa = PBXBuildFile; fileRef = 47D2FD2A1702764300AEA412 /* Foundation.framework */; };
		47D2FE251703782600AEA412 /* libicucore.dylib in Frameworks */ = {isa = PBXBuildFile; fileRef = 47D2FE241703782600AEA412 /* libicucore.dylib */; };
		47D2FE271703786800AEA412 /* Security.framework in Frameworks */ = {isa = PBXBuildFile; fileRef = 47D2FE261703786800AEA412 /* Security.framework */; };
		47DDDF4F1710A59E0087EE78 /* TTMasterViewController.m in Sources */ = {isa = PBXBuildFile; fileRef = 47DDDF4D1710A59E0087EE78 /* TTMasterViewController.m */; };
		47DDDF501710A59E0087EE78 /* TTMasterViewController.m in Sources */ = {isa = PBXBuildFile; fileRef = 47DDDF4D1710A59E0087EE78 /* TTMasterViewController.m */; };
		47DDDF511710A59E0087EE78 /* TTMasterViewController.xib in Resources */ = {isa = PBXBuildFile; fileRef = 47DDDF4E1710A59E0087EE78 /* TTMasterViewController.xib */; };
		47DDDF521710A59E0087EE78 /* TTMasterViewController.xib in Resources */ = {isa = PBXBuildFile; fileRef = 47DDDF4E1710A59E0087EE78 /* TTMasterViewController.xib */; };
/* End PBXBuildFile section */

/* Begin PBXContainerItemProxy section */
		473DF891173C1C8900C356A1 /* PBXContainerItemProxy */ = {
			isa = PBXContainerItemProxy;
			containerPortal = 473DF88B173C1C8800C356A1 /* CorePlot.xcodeproj */;
			proxyType = 2;
			remoteGlobalIDString = 8DC2EF5B0486A6940098B216;
			remoteInfo = CorePlot;
		};
		473DF893173C1C8900C356A1 /* PBXContainerItemProxy */ = {
			isa = PBXContainerItemProxy;
			containerPortal = 473DF88B173C1C8800C356A1 /* CorePlot.xcodeproj */;
			proxyType = 2;
			remoteGlobalIDString = 0730F600109492D800E95162;
			remoteInfo = UnitTests;
		};
		47D2FD491702764300AEA412 /* PBXContainerItemProxy */ = {
			isa = PBXContainerItemProxy;
			containerPortal = 47D2FD1A1702764300AEA412 /* Project object */;
			proxyType = 1;
			remoteGlobalIDString = 47D2FD211702764300AEA412;
			remoteInfo = TulipTrader;
		};
/* End PBXContainerItemProxy section */

/* Begin PBXCopyFilesBuildPhase section */
		47D2FE0F1702894F00AEA412 /* CopyFiles */ = {
			isa = PBXCopyFilesBuildPhase;
			buildActionMask = 2147483647;
			dstPath = "";
			dstSubfolderSpec = 10;
			files = (
				473DF896173C22A500C356A1 /* CorePlot.framework in CopyFiles */,
			);
			runOnlyForDeploymentPostprocessing = 0;
		};
/* End PBXCopyFilesBuildPhase section */

/* Begin PBXFileReference section */
		470779981739967100DBBC47 /* NSView+Utility.h */ = {isa = PBXFileReference; fileEncoding = 4; lastKnownFileType = sourcecode.c.h; path = "NSView+Utility.h"; sourceTree = "<group>"; };
		470779991739967100DBBC47 /* NSView+Utility.m */ = {isa = PBXFileReference; fileEncoding = 4; lastKnownFileType = sourcecode.c.objc; path = "NSView+Utility.m"; sourceTree = "<group>"; };
		4707799C1739B32F00DBBC47 /* TTMarketBox.h */ = {isa = PBXFileReference; fileEncoding = 4; lastKnownFileType = sourcecode.c.h; path = TTMarketBox.h; sourceTree = "<group>"; };
		4707799D1739B32F00DBBC47 /* TTMarketBox.m */ = {isa = PBXFileReference; fileEncoding = 4; lastKnownFileType = sourcecode.c.objc; path = TTMarketBox.m; sourceTree = "<group>"; };
		470779A11739B7A100DBBC47 /* AFHTTPClient.h */ = {isa = PBXFileReference; fileEncoding = 4; lastKnownFileType = sourcecode.c.h; path = AFHTTPClient.h; sourceTree = "<group>"; };
		470779A21739B7A100DBBC47 /* AFHTTPClient.m */ = {isa = PBXFileReference; fileEncoding = 4; lastKnownFileType = sourcecode.c.objc; path = AFHTTPClient.m; sourceTree = "<group>"; };
		470779A31739B7A100DBBC47 /* AFHTTPRequestOperation.h */ = {isa = PBXFileReference; fileEncoding = 4; lastKnownFileType = sourcecode.c.h; path = AFHTTPRequestOperation.h; sourceTree = "<group>"; };
		470779A41739B7A100DBBC47 /* AFHTTPRequestOperation.m */ = {isa = PBXFileReference; fileEncoding = 4; lastKnownFileType = sourcecode.c.objc; path = AFHTTPRequestOperation.m; sourceTree = "<group>"; };
		470779A51739B7A100DBBC47 /* AFImageRequestOperation.h */ = {isa = PBXFileReference; fileEncoding = 4; lastKnownFileType = sourcecode.c.h; path = AFImageRequestOperation.h; sourceTree = "<group>"; };
		470779A61739B7A100DBBC47 /* AFImageRequestOperation.m */ = {isa = PBXFileReference; fileEncoding = 4; lastKnownFileType = sourcecode.c.objc; path = AFImageRequestOperation.m; sourceTree = "<group>"; };
		470779A71739B7A100DBBC47 /* AFJSONRequestOperation.h */ = {isa = PBXFileReference; fileEncoding = 4; lastKnownFileType = sourcecode.c.h; path = AFJSONRequestOperation.h; sourceTree = "<group>"; };
		470779A81739B7A100DBBC47 /* AFJSONRequestOperation.m */ = {isa = PBXFileReference; fileEncoding = 4; lastKnownFileType = sourcecode.c.objc; path = AFJSONRequestOperation.m; sourceTree = "<group>"; };
		470779A91739B7A100DBBC47 /* AFNetworkActivityIndicatorManager.h */ = {isa = PBXFileReference; fileEncoding = 4; lastKnownFileType = sourcecode.c.h; path = AFNetworkActivityIndicatorManager.h; sourceTree = "<group>"; };
		470779AA1739B7A100DBBC47 /* AFNetworkActivityIndicatorManager.m */ = {isa = PBXFileReference; fileEncoding = 4; lastKnownFileType = sourcecode.c.objc; path = AFNetworkActivityIndicatorManager.m; sourceTree = "<group>"; };
		470779AB1739B7A100DBBC47 /* AFNetworking.h */ = {isa = PBXFileReference; fileEncoding = 4; lastKnownFileType = sourcecode.c.h; path = AFNetworking.h; sourceTree = "<group>"; };
		470779AC1739B7A100DBBC47 /* AFPropertyListRequestOperation.h */ = {isa = PBXFileReference; fileEncoding = 4; lastKnownFileType = sourcecode.c.h; path = AFPropertyListRequestOperation.h; sourceTree = "<group>"; };
		470779AD1739B7A100DBBC47 /* AFPropertyListRequestOperation.m */ = {isa = PBXFileReference; fileEncoding = 4; lastKnownFileType = sourcecode.c.objc; path = AFPropertyListRequestOperation.m; sourceTree = "<group>"; };
		470779AE1739B7A100DBBC47 /* AFURLConnectionOperation.h */ = {isa = PBXFileReference; fileEncoding = 4; lastKnownFileType = sourcecode.c.h; path = AFURLConnectionOperation.h; sourceTree = "<group>"; };
		470779AF1739B7A100DBBC47 /* AFURLConnectionOperation.m */ = {isa = PBXFileReference; fileEncoding = 4; lastKnownFileType = sourcecode.c.objc; path = AFURLConnectionOperation.m; sourceTree = "<group>"; };
		470779B01739B7A100DBBC47 /* AFXMLRequestOperation.h */ = {isa = PBXFileReference; fileEncoding = 4; lastKnownFileType = sourcecode.c.h; path = AFXMLRequestOperation.h; sourceTree = "<group>"; };
		470779B11739B7A100DBBC47 /* AFXMLRequestOperation.m */ = {isa = PBXFileReference; fileEncoding = 4; lastKnownFileType = sourcecode.c.objc; path = AFXMLRequestOperation.m; sourceTree = "<group>"; };
		470779B21739B7A100DBBC47 /* UIImageView+AFNetworking.h */ = {isa = PBXFileReference; fileEncoding = 4; lastKnownFileType = sourcecode.c.h; path = "UIImageView+AFNetworking.h"; sourceTree = "<group>"; };
		470779B31739B7A100DBBC47 /* UIImageView+AFNetworking.m */ = {isa = PBXFileReference; fileEncoding = 4; lastKnownFileType = sourcecode.c.objc; path = "UIImageView+AFNetworking.m"; sourceTree = "<group>"; };
		470779C61739B7C100DBBC47 /* SystemConfiguration.framework */ = {isa = PBXFileReference; lastKnownFileType = wrapper.framework; name = SystemConfiguration.framework; path = System/Library/Frameworks/SystemConfiguration.framework; sourceTree = SDKROOT; };
		470991531729D6240091E6E2 /* TTCurrencyBox.h */ = {isa = PBXFileReference; fileEncoding = 4; lastKnownFileType = sourcecode.c.h; path = TTCurrencyBox.h; sourceTree = "<group>"; };
		470991541729D6240091E6E2 /* TTCurrencyBox.m */ = {isa = PBXFileReference; fileEncoding = 4; lastKnownFileType = sourcecode.c.objc; path = TTCurrencyBox.m; sourceTree = "<group>"; };
		473DF83C173AAAC600C356A1 /* QuartzCore.framework */ = {isa = PBXFileReference; lastKnownFileType = wrapper.framework; name = QuartzCore.framework; path = System/Library/Frameworks/QuartzCore.framework; sourceTree = SDKROOT; };
		473DF843173ACE7F00C356A1 /* TTGraphsWindow.h */ = {isa = PBXFileReference; fileEncoding = 4; lastKnownFileType = sourcecode.c.h; path = TTGraphsWindow.h; sourceTree = "<group>"; };
		473DF844173ACE7F00C356A1 /* TTGraphsWindow.m */ = {isa = PBXFileReference; fileEncoding = 4; lastKnownFileType = sourcecode.c.objc; path = TTGraphsWindow.m; sourceTree = "<group>"; };
		473DF882173BFB5400C356A1 /* TTGraphView.h */ = {isa = PBXFileReference; fileEncoding = 4; lastKnownFileType = sourcecode.c.h; path = TTGraphView.h; sourceTree = "<group>"; };
		473DF883173BFB5400C356A1 /* TTGraphView.m */ = {isa = PBXFileReference; fileEncoding = 4; lastKnownFileType = sourcecode.c.objc; path = TTGraphView.m; sourceTree = "<group>"; };
		473DF88B173C1C8800C356A1 /* CorePlot.xcodeproj */ = {isa = PBXFileReference; lastKnownFileType = "wrapper.pb-project"; name = CorePlot.xcodeproj; path = CorePlot/CorePlot_1.2/Source/framework/CorePlot.xcodeproj; sourceTree = "<group>"; };
		473DF898173C4EF300C356A1 /* NSColor+Hex.h */ = {isa = PBXFileReference; fileEncoding = 4; lastKnownFileType = sourcecode.c.h; path = "NSColor+Hex.h"; sourceTree = "<group>"; };
		473DF899173C4EF300C356A1 /* NSColor+Hex.m */ = {isa = PBXFileReference; fileEncoding = 4; lastKnownFileType = sourcecode.c.objc; path = "NSColor+Hex.m"; sourceTree = "<group>"; };
		473DF89D173DB89000C356A1 /* TTMenuBehaviorController.h */ = {isa = PBXFileReference; fileEncoding = 4; lastKnownFileType = sourcecode.c.h; path = TTMenuBehaviorController.h; sourceTree = "<group>"; };
		473DF89E173DB89000C356A1 /* TTMenuBehaviorController.m */ = {isa = PBXFileReference; fileEncoding = 4; lastKnownFileType = sourcecode.c.objc; path = TTMenuBehaviorController.m; sourceTree = "<group>"; };
		473DF8A0173DB89000C356A1 /* TTCoinbaseHTTPController.h */ = {isa = PBXFileReference; fileEncoding = 4; lastKnownFileType = sourcecode.c.h; path = TTCoinbaseHTTPController.h; sourceTree = "<group>"; };
		473DF8A1173DB89000C356A1 /* TTCoinbaseHTTPController.m */ = {isa = PBXFileReference; fileEncoding = 4; lastKnownFileType = sourcecode.c.objc; path = TTCoinbaseHTTPController.m; sourceTree = "<group>"; };
		473DF8A3173DB89000C356A1 /* TTGoxCurrencyController.h */ = {isa = PBXFileReference; fileEncoding = 4; lastKnownFileType = sourcecode.c.h; path = TTGoxCurrencyController.h; sourceTree = "<group>"; };
		473DF8A4173DB89000C356A1 /* TTGoxCurrencyController.m */ = {isa = PBXFileReference; fileEncoding = 4; lastKnownFileType = sourcecode.c.objc; path = TTGoxCurrencyController.m; sourceTree = "<group>"; };
		473DF8A5173DB89000C356A1 /* TTGoxHTTPController.h */ = {isa = PBXFileReference; fileEncoding = 4; lastKnownFileType = sourcecode.c.h; path = TTGoxHTTPController.h; sourceTree = "<group>"; };
		473DF8A6173DB89000C356A1 /* TTGoxHTTPController.m */ = {isa = PBXFileReference; fileEncoding = 4; lastKnownFileType = sourcecode.c.objc; path = TTGoxHTTPController.m; sourceTree = "<group>"; };
		473DF8A7173DB89000C356A1 /* TTGoxPrivateMessageController.h */ = {isa = PBXFileReference; fileEncoding = 4; lastKnownFileType = sourcecode.c.h; path = TTGoxPrivateMessageController.h; sourceTree = "<group>"; };
		473DF8A8173DB89000C356A1 /* TTGoxPrivateMessageController.m */ = {isa = PBXFileReference; fileEncoding = 4; lastKnownFileType = sourcecode.c.objc; path = TTGoxPrivateMessageController.m; sourceTree = "<group>"; };
		473DF8A9173DB89000C356A1 /* TTGoxResultMessageController.h */ = {isa = PBXFileReference; fileEncoding = 4; lastKnownFileType = sourcecode.c.h; path = TTGoxResultMessageController.h; sourceTree = "<group>"; };
		473DF8AA173DB89000C356A1 /* TTGoxResultMessageController.m */ = {isa = PBXFileReference; fileEncoding = 4; lastKnownFileType = sourcecode.c.objc; path = TTGoxResultMessageController.m; sourceTree = "<group>"; };
		473DF8AB173DB89000C356A1 /* TTGoxSocketController.h */ = {isa = PBXFileReference; fileEncoding = 4; lastKnownFileType = sourcecode.c.h; path = TTGoxSocketController.h; sourceTree = "<group>"; };
		473DF8AC173DB89000C356A1 /* TTGoxSocketController.m */ = {isa = PBXFileReference; fileEncoding = 4; lastKnownFileType = sourcecode.c.objc; path = TTGoxSocketController.m; sourceTree = "<group>"; };
		473DF8AD173DB89000C356A1 /* TTOperationsController.h */ = {isa = PBXFileReference; fileEncoding = 4; lastKnownFileType = sourcecode.c.h; path = TTOperationsController.h; sourceTree = "<group>"; };
		473DF8AE173DB89000C356A1 /* TTOperationsController.m */ = {isa = PBXFileReference; fileEncoding = 4; lastKnownFileType = sourcecode.c.objc; path = TTOperationsController.m; sourceTree = "<group>"; };
		473DF8B0173DB89000C356A1 /* TTOERatesController.h */ = {isa = PBXFileReference; fileEncoding = 4; lastKnownFileType = sourcecode.c.h; path = TTOERatesController.h; sourceTree = "<group>"; };
		473DF8B1173DB89000C356A1 /* TTOERatesController.m */ = {isa = PBXFileReference; fileEncoding = 4; lastKnownFileType = sourcecode.c.objc; path = TTOERatesController.m; sourceTree = "<group>"; };
		476DD9F01729A37D0076C301 /* TTStatusBarView.h */ = {isa = PBXFileReference; fileEncoding = 4; lastKnownFileType = sourcecode.c.h; path = TTStatusBarView.h; sourceTree = "<group>"; };
		476DD9F11729A37D0076C301 /* TTStatusBarView.m */ = {isa = PBXFileReference; fileEncoding = 4; lastKnownFileType = sourcecode.c.objc; path = TTStatusBarView.m; sourceTree = "<group>"; };
		476DD9F41729A3C90076C301 /* TTTextView.h */ = {isa = PBXFileReference; fileEncoding = 4; lastKnownFileType = sourcecode.c.h; path = TTTextView.h; sourceTree = "<group>"; };
		476DD9F51729A3C90076C301 /* TTTextView.m */ = {isa = PBXFileReference; fileEncoding = 4; lastKnownFileType = sourcecode.c.objc; path = TTTextView.m; sourceTree = "<group>"; };
		477056381721130B0084FE5F /* Depth.h */ = {isa = PBXFileReference; fileEncoding = 4; lastKnownFileType = sourcecode.c.h; path = Depth.h; sourceTree = "<group>"; };
		477056391721130B0084FE5F /* Depth.m */ = {isa = PBXFileReference; fileEncoding = 4; lastKnownFileType = sourcecode.c.objc; path = Depth.m; sourceTree = "<group>"; };
		4770563C1721130B0084FE5F /* Tick.h */ = {isa = PBXFileReference; fileEncoding = 4; lastKnownFileType = sourcecode.c.h; path = Tick.h; sourceTree = "<group>"; };
		4770563D1721130B0084FE5F /* Tick.m */ = {isa = PBXFileReference; fileEncoding = 4; lastKnownFileType = sourcecode.c.objc; path = Tick.m; sourceTree = "<group>"; };
		477056401721130B0084FE5F /* Ticker.h */ = {isa = PBXFileReference; fileEncoding = 4; lastKnownFileType = sourcecode.c.h; path = Ticker.h; sourceTree = "<group>"; };
		477056411721130B0084FE5F /* Ticker.m */ = {isa = PBXFileReference; fileEncoding = 4; lastKnownFileType = sourcecode.c.objc; path = Ticker.m; sourceTree = "<group>"; };
		477056461721BCB70084FE5F /* TTGoxCurrency.h */ = {isa = PBXFileReference; fileEncoding = 4; lastKnownFileType = sourcecode.c.h; path = TTGoxCurrency.h; sourceTree = "<group>"; };
		477056471721BCB80084FE5F /* TTGoxCurrency.m */ = {isa = PBXFileReference; fileEncoding = 4; lastKnownFileType = sourcecode.c.objc; path = TTGoxCurrency.m; sourceTree = "<group>"; };
		478121121731BDAF00879CD6 /* TTArbitrageStackView.h */ = {isa = PBXFileReference; fileEncoding = 4; lastKnownFileType = sourcecode.c.h; path = TTArbitrageStackView.h; sourceTree = "<group>"; };
		478121131731BDAF00879CD6 /* TTArbitrageStackView.m */ = {isa = PBXFileReference; fileEncoding = 4; lastKnownFileType = sourcecode.c.objc; path = TTArbitrageStackView.m; sourceTree = "<group>"; };
		478121161731C1BE00879CD6 /* TTArbitrageBox.h */ = {isa = PBXFileReference; fileEncoding = 4; lastKnownFileType = sourcecode.c.h; path = TTArbitrageBox.h; sourceTree = "<group>"; };
		478121171731C1BE00879CD6 /* TTArbitrageBox.m */ = {isa = PBXFileReference; fileEncoding = 4; lastKnownFileType = sourcecode.c.objc; path = TTArbitrageBox.m; sourceTree = "<group>"; };
		479AE8AB17386B2D0043C10D /* TTAPIControlBoxView.h */ = {isa = PBXFileReference; fileEncoding = 4; lastKnownFileType = sourcecode.c.h; path = TTAPIControlBoxView.h; sourceTree = "<group>"; };
		479AE8AC17386B2D0043C10D /* TTAPIControlBoxView.m */ = {isa = PBXFileReference; fileEncoding = 4; lastKnownFileType = sourcecode.c.objc; path = TTAPIControlBoxView.m; sourceTree = "<group>"; };
		47A749F417110636007792AC /* TTFrameConstants.h */ = {isa = PBXFileReference; fileEncoding = 4; lastKnownFileType = sourcecode.c.h; path = TTFrameConstants.h; sourceTree = "<group>"; };
		47D2007D1708AB7C00AEA412 /* RUClassOrNilUtil.h */ = {isa = PBXFileReference; fileEncoding = 4; lastKnownFileType = sourcecode.c.h; name = RUClassOrNilUtil.h; path = ResplendentUtilities/ResplendentUtilities/Misc/RUClassOrNilUtil.h; sourceTree = "<group>"; };
		47D2007E1708AB7C00AEA412 /* RUConstants.h */ = {isa = PBXFileReference; fileEncoding = 4; lastKnownFileType = sourcecode.c.h; name = RUConstants.h; path = ResplendentUtilities/ResplendentUtilities/Misc/RUConstants.h; sourceTree = "<group>"; };
		47D2007F1708AB7C00AEA412 /* RUDebug.h */ = {isa = PBXFileReference; fileEncoding = 4; lastKnownFileType = sourcecode.c.h; name = RUDebug.h; path = ResplendentUtilities/ResplendentUtilities/Misc/RUDebug.h; sourceTree = "<group>"; };
		47D200801708AB7C00AEA412 /* RUShowViewUtil.h */ = {isa = PBXFileReference; fileEncoding = 4; lastKnownFileType = sourcecode.c.h; name = RUShowViewUtil.h; path = ResplendentUtilities/ResplendentUtilities/Misc/RUShowViewUtil.h; sourceTree = "<group>"; };
		47D200811708AB7C00AEA412 /* RUSingleton.h */ = {isa = PBXFileReference; fileEncoding = 4; lastKnownFileType = sourcecode.c.h; name = RUSingleton.h; path = ResplendentUtilities/ResplendentUtilities/Misc/RUSingleton.h; sourceTree = "<group>"; };
		47D200821708AB7C00AEA412 /* RUStaticVariableSynthesization.h */ = {isa = PBXFileReference; fileEncoding = 4; lastKnownFileType = sourcecode.c.h; name = RUStaticVariableSynthesization.h; path = ResplendentUtilities/ResplendentUtilities/Misc/RUStaticVariableSynthesization.h; sourceTree = "<group>"; };
		47D200831708AB7C00AEA412 /* RUSynthesizeUserDefaultMethods.h */ = {isa = PBXFileReference; fileEncoding = 4; lastKnownFileType = sourcecode.c.h; name = RUSynthesizeUserDefaultMethods.h; path = ResplendentUtilities/ResplendentUtilities/Misc/RUSynthesizeUserDefaultMethods.h; sourceTree = "<group>"; };
		47D2009C1709584200AEA412 /* CHANGELOG.md */ = {isa = PBXFileReference; fileEncoding = 4; lastKnownFileType = text; path = CHANGELOG.md; sourceTree = "<group>"; };
		47D2009D1709584200AEA412 /* JSONKit.h */ = {isa = PBXFileReference; fileEncoding = 4; lastKnownFileType = sourcecode.c.h; path = JSONKit.h; sourceTree = "<group>"; };
		47D2009E1709584200AEA412 /* JSONKit.m */ = {isa = PBXFileReference; fileEncoding = 4; lastKnownFileType = sourcecode.c.objc; path = JSONKit.m; sourceTree = "<group>"; };
		47D2009F1709584200AEA412 /* README.md */ = {isa = PBXFileReference; fileEncoding = 4; lastKnownFileType = text; path = README.md; sourceTree = "<group>"; };
		47D200B2170D53A400AEA412 /* Data_Event_Formats.rtf */ = {isa = PBXFileReference; fileEncoding = 4; lastKnownFileType = text.rtf; path = Data_Event_Formats.rtf; sourceTree = "<group>"; };
		47D2FD221702764300AEA412 /* TulipTrader.app */ = {isa = PBXFileReference; explicitFileType = wrapper.application; includeInIndex = 0; path = TulipTrader.app; sourceTree = BUILT_PRODUCTS_DIR; };
		47D2FD251702764300AEA412 /* Cocoa.framework */ = {isa = PBXFileReference; lastKnownFileType = wrapper.framework; name = Cocoa.framework; path = System/Library/Frameworks/Cocoa.framework; sourceTree = SDKROOT; };
		47D2FD281702764300AEA412 /* AppKit.framework */ = {isa = PBXFileReference; lastKnownFileType = wrapper.framework; name = AppKit.framework; path = System/Library/Frameworks/AppKit.framework; sourceTree = SDKROOT; };
		47D2FD291702764300AEA412 /* CoreData.framework */ = {isa = PBXFileReference; lastKnownFileType = wrapper.framework; name = CoreData.framework; path = System/Library/Frameworks/CoreData.framework; sourceTree = SDKROOT; };
		47D2FD2A1702764300AEA412 /* Foundation.framework */ = {isa = PBXFileReference; lastKnownFileType = wrapper.framework; name = Foundation.framework; path = System/Library/Frameworks/Foundation.framework; sourceTree = SDKROOT; };
		47D2FD2D1702764300AEA412 /* TulipTrader-Info.plist */ = {isa = PBXFileReference; lastKnownFileType = text.plist.xml; path = "TulipTrader-Info.plist"; sourceTree = "<group>"; };
		47D2FD2F1702764300AEA412 /* en */ = {isa = PBXFileReference; lastKnownFileType = text.plist.strings; name = en; path = en.lproj/InfoPlist.strings; sourceTree = "<group>"; };
		47D2FD311702764300AEA412 /* main.m */ = {isa = PBXFileReference; lastKnownFileType = sourcecode.c.objc; path = main.m; sourceTree = "<group>"; };
		47D2FD331702764300AEA412 /* TulipTrader-Prefix.pch */ = {isa = PBXFileReference; lastKnownFileType = sourcecode.c.h; path = "TulipTrader-Prefix.pch"; sourceTree = "<group>"; };
		47D2FD351702764300AEA412 /* en */ = {isa = PBXFileReference; lastKnownFileType = text.rtf; name = en; path = en.lproj/Credits.rtf; sourceTree = "<group>"; };
		47D2FD371702764300AEA412 /* TTAppDelegate.h */ = {isa = PBXFileReference; lastKnownFileType = sourcecode.c.h; path = TTAppDelegate.h; sourceTree = "<group>"; };
		47D2FD381702764300AEA412 /* TTAppDelegate.m */ = {isa = PBXFileReference; lastKnownFileType = sourcecode.c.objc; path = TTAppDelegate.m; sourceTree = "<group>"; };
		47D2FD3B1702764300AEA412 /* en */ = {isa = PBXFileReference; lastKnownFileType = file.xib; name = en; path = en.lproj/MainMenu.xib; sourceTree = "<group>"; };
		47D2FD3E1702764300AEA412 /* TulipTrader.xcdatamodel */ = {isa = PBXFileReference; lastKnownFileType = wrapper.xcdatamodel; path = TulipTrader.xcdatamodel; sourceTree = "<group>"; };
		47D2FD451702764300AEA412 /* TulipTraderTests.octest */ = {isa = PBXFileReference; explicitFileType = wrapper.cfbundle; includeInIndex = 0; path = TulipTraderTests.octest; sourceTree = BUILT_PRODUCTS_DIR; };
		47D2FD461702764300AEA412 /* SenTestingKit.framework */ = {isa = PBXFileReference; lastKnownFileType = wrapper.framework; name = SenTestingKit.framework; path = Library/Frameworks/SenTestingKit.framework; sourceTree = DEVELOPER_DIR; };
		47D2FD4D1702764300AEA412 /* TulipTraderTests-Info.plist */ = {isa = PBXFileReference; lastKnownFileType = text.plist.xml; path = "TulipTraderTests-Info.plist"; sourceTree = "<group>"; };
		47D2FD4F1702764300AEA412 /* en */ = {isa = PBXFileReference; lastKnownFileType = text.plist.strings; name = en; path = en.lproj/InfoPlist.strings; sourceTree = "<group>"; };
		47D2FD511702764300AEA412 /* TulipTraderTests.h */ = {isa = PBXFileReference; lastKnownFileType = sourcecode.c.h; path = TulipTraderTests.h; sourceTree = "<group>"; };
		47D2FD521702764300AEA412 /* TulipTraderTests.m */ = {isa = PBXFileReference; lastKnownFileType = sourcecode.c.objc; path = TulipTraderTests.m; sourceTree = "<group>"; };
		47D2FE14170376DB00AEA412 /* base64.c */ = {isa = PBXFileReference; fileEncoding = 4; lastKnownFileType = sourcecode.c.c; name = base64.c; path = Library/SocketRocket/SocketRocket/base64.c; sourceTree = "<group>"; };
		47D2FE15170376DB00AEA412 /* base64.h */ = {isa = PBXFileReference; fileEncoding = 4; lastKnownFileType = sourcecode.c.h; name = base64.h; path = Library/SocketRocket/SocketRocket/base64.h; sourceTree = "<group>"; };
		47D2FE16170376DB00AEA412 /* NSData+SRB64Additions.h */ = {isa = PBXFileReference; fileEncoding = 4; lastKnownFileType = sourcecode.c.h; name = "NSData+SRB64Additions.h"; path = "Library/SocketRocket/SocketRocket/NSData+SRB64Additions.h"; sourceTree = "<group>"; };
		47D2FE17170376DB00AEA412 /* NSData+SRB64Additions.m */ = {isa = PBXFileReference; fileEncoding = 4; lastKnownFileType = sourcecode.c.objc; name = "NSData+SRB64Additions.m"; path = "Library/SocketRocket/SocketRocket/NSData+SRB64Additions.m"; sourceTree = "<group>"; };
		47D2FE18170376DB00AEA412 /* SocketRocket-Prefix.pch */ = {isa = PBXFileReference; fileEncoding = 4; lastKnownFileType = sourcecode.c.h; name = "SocketRocket-Prefix.pch"; path = "Library/SocketRocket/SocketRocket/SocketRocket-Prefix.pch"; sourceTree = "<group>"; };
		47D2FE19170376DB00AEA412 /* SRWebSocket.h */ = {isa = PBXFileReference; fileEncoding = 4; lastKnownFileType = sourcecode.c.h; name = SRWebSocket.h; path = Library/SocketRocket/SocketRocket/SRWebSocket.h; sourceTree = "<group>"; };
		47D2FE1A170376DB00AEA412 /* SRWebSocket.m */ = {isa = PBXFileReference; fileEncoding = 4; lastKnownFileType = sourcecode.c.objc; name = SRWebSocket.m; path = Library/SocketRocket/SocketRocket/SRWebSocket.m; sourceTree = "<group>"; };
		47D2FE211703780F00AEA412 /* CoreServices.framework */ = {isa = PBXFileReference; lastKnownFileType = wrapper.framework; name = CoreServices.framework; path = System/Library/Frameworks/CoreServices.framework; sourceTree = SDKROOT; };
		47D2FE241703782600AEA412 /* libicucore.dylib */ = {isa = PBXFileReference; lastKnownFileType = "compiled.mach-o.dylib"; name = libicucore.dylib; path = usr/lib/libicucore.dylib; sourceTree = SDKROOT; };
		47D2FE261703786800AEA412 /* Security.framework */ = {isa = PBXFileReference; lastKnownFileType = wrapper.framework; name = Security.framework; path = System/Library/Frameworks/Security.framework; sourceTree = SDKROOT; };
		47DDDF4C1710A59E0087EE78 /* TTMasterViewController.h */ = {isa = PBXFileReference; fileEncoding = 4; lastKnownFileType = sourcecode.c.h; path = TTMasterViewController.h; sourceTree = "<group>"; };
		47DDDF4D1710A59E0087EE78 /* TTMasterViewController.m */ = {isa = PBXFileReference; fileEncoding = 4; lastKnownFileType = sourcecode.c.objc; path = TTMasterViewController.m; sourceTree = "<group>"; };
		47DDDF4E1710A59E0087EE78 /* TTMasterViewController.xib */ = {isa = PBXFileReference; fileEncoding = 4; lastKnownFileType = file.xib; path = TTMasterViewController.xib; sourceTree = "<group>"; };
/* End PBXFileReference section */

/* Begin PBXFrameworksBuildPhase section */
		47D2FD1F1702764300AEA412 /* Frameworks */ = {
			isa = PBXFrameworksBuildPhase;
			buildActionMask = 2147483647;
			files = (
				473DF895173C228900C356A1 /* CorePlot.framework in Frameworks */,
				473DF83D173AAAC600C356A1 /* QuartzCore.framework in Frameworks */,
				470779C71739B7C100DBBC47 /* SystemConfiguration.framework in Frameworks */,
				47D2FE271703786800AEA412 /* Security.framework in Frameworks */,
				47D2FE251703782600AEA412 /* libicucore.dylib in Frameworks */,
				47D2FE231703781E00AEA412 /* Foundation.framework in Frameworks */,
				47D2FE221703780F00AEA412 /* CoreServices.framework in Frameworks */,
				47D2FD261702764300AEA412 /* Cocoa.framework in Frameworks */,
			);
			runOnlyForDeploymentPostprocessing = 0;
		};
		47D2FD411702764300AEA412 /* Frameworks */ = {
			isa = PBXFrameworksBuildPhase;
			buildActionMask = 2147483647;
			files = (
				47D2FD471702764300AEA412 /* SenTestingKit.framework in Frameworks */,
				47D2FD481702764300AEA412 /* Cocoa.framework in Frameworks */,
			);
			runOnlyForDeploymentPostprocessing = 0;
		};
/* End PBXFrameworksBuildPhase section */

/* Begin PBXGroup section */
		470779A01739B7A100DBBC47 /* AFNetworking */ = {
			isa = PBXGroup;
			children = (
				470779A11739B7A100DBBC47 /* AFHTTPClient.h */,
				470779A21739B7A100DBBC47 /* AFHTTPClient.m */,
				470779A31739B7A100DBBC47 /* AFHTTPRequestOperation.h */,
				470779A41739B7A100DBBC47 /* AFHTTPRequestOperation.m */,
				470779A51739B7A100DBBC47 /* AFImageRequestOperation.h */,
				470779A61739B7A100DBBC47 /* AFImageRequestOperation.m */,
				470779A71739B7A100DBBC47 /* AFJSONRequestOperation.h */,
				470779A81739B7A100DBBC47 /* AFJSONRequestOperation.m */,
				470779A91739B7A100DBBC47 /* AFNetworkActivityIndicatorManager.h */,
				470779AA1739B7A100DBBC47 /* AFNetworkActivityIndicatorManager.m */,
				470779AB1739B7A100DBBC47 /* AFNetworking.h */,
				470779AC1739B7A100DBBC47 /* AFPropertyListRequestOperation.h */,
				470779AD1739B7A100DBBC47 /* AFPropertyListRequestOperation.m */,
				470779AE1739B7A100DBBC47 /* AFURLConnectionOperation.h */,
				470779AF1739B7A100DBBC47 /* AFURLConnectionOperation.m */,
				470779B01739B7A100DBBC47 /* AFXMLRequestOperation.h */,
				470779B11739B7A100DBBC47 /* AFXMLRequestOperation.m */,
				470779B21739B7A100DBBC47 /* UIImageView+AFNetworking.h */,
				470779B31739B7A100DBBC47 /* UIImageView+AFNetworking.m */,
			);
			path = AFNetworking;
			sourceTree = "<group>";
		};
		470991521729D6140091E6E2 /* NSBox */ = {
			isa = PBXGroup;
			children = (
				470991531729D6240091E6E2 /* TTCurrencyBox.h */,
				470991541729D6240091E6E2 /* TTCurrencyBox.m */,
				478121161731C1BE00879CD6 /* TTArbitrageBox.h */,
				478121171731C1BE00879CD6 /* TTArbitrageBox.m */,
				4707799C1739B32F00DBBC47 /* TTMarketBox.h */,
				4707799D1739B32F00DBBC47 /* TTMarketBox.m */,
			);
			path = NSBox;
			sourceTree = "<group>";
		};
		473DF82F173AA9DD00C356A1 /* CorePlot */ = {
			isa = PBXGroup;
			children = (
			);
			path = CorePlot;
			sourceTree = "<group>";
		};
		473DF842173AB91300C356A1 /* Window */ = {
			isa = PBXGroup;
			children = (
				473DF843173ACE7F00C356A1 /* TTGraphsWindow.h */,
				473DF844173ACE7F00C356A1 /* TTGraphsWindow.m */,
			);
			path = Window;
			sourceTree = "<group>";
		};
		473DF88C173C1C8800C356A1 /* Products */ = {
			isa = PBXGroup;
			children = (
				473DF892173C1C8900C356A1 /* CorePlot.framework */,
				473DF894173C1C8900C356A1 /* UnitTests.octest */,
			);
			name = Products;
			sourceTree = "<group>";
		};
		473DF897173C4EDD00C356A1 /* Categories */ = {
			isa = PBXGroup;
			children = (
				473DF898173C4EF300C356A1 /* NSColor+Hex.h */,
				473DF899173C4EF300C356A1 /* NSColor+Hex.m */,
			);
			path = Categories;
			sourceTree = "<group>";
		};
		473DF89C173DB89000C356A1 /* APPLICATION */ = {
			isa = PBXGroup;
			children = (
				473DF89D173DB89000C356A1 /* TTMenuBehaviorController.h */,
				473DF89E173DB89000C356A1 /* TTMenuBehaviorController.m */,
			);
			path = APPLICATION;
			sourceTree = "<group>";
		};
		473DF89F173DB89000C356A1 /* COINBASE */ = {
			isa = PBXGroup;
			children = (
				473DF8A0173DB89000C356A1 /* TTCoinbaseHTTPController.h */,
				473DF8A1173DB89000C356A1 /* TTCoinbaseHTTPController.m */,
			);
			path = COINBASE;
			sourceTree = "<group>";
		};
		473DF8A2173DB89000C356A1 /* MTGOX */ = {
			isa = PBXGroup;
			children = (
				473DF8A3173DB89000C356A1 /* TTGoxCurrencyController.h */,
				473DF8A4173DB89000C356A1 /* TTGoxCurrencyController.m */,
				473DF8A5173DB89000C356A1 /* TTGoxHTTPController.h */,
				473DF8A6173DB89000C356A1 /* TTGoxHTTPController.m */,
				473DF8A7173DB89000C356A1 /* TTGoxPrivateMessageController.h */,
				473DF8A8173DB89000C356A1 /* TTGoxPrivateMessageController.m */,
				473DF8A9173DB89000C356A1 /* TTGoxResultMessageController.h */,
				473DF8AA173DB89000C356A1 /* TTGoxResultMessageController.m */,
				473DF8AB173DB89000C356A1 /* TTGoxSocketController.h */,
				473DF8AC173DB89000C356A1 /* TTGoxSocketController.m */,
				473DF8AD173DB89000C356A1 /* TTOperationsController.h */,
				473DF8AE173DB89000C356A1 /* TTOperationsController.m */,
			);
			path = MTGOX;
			sourceTree = "<group>";
		};
		473DF8AF173DB89000C356A1 /* OPEN EXCHANGE RATES */ = {
			isa = PBXGroup;
			children = (
				473DF8B0173DB89000C356A1 /* TTOERatesController.h */,
				473DF8B1173DB89000C356A1 /* TTOERatesController.m */,
			);
			path = "OPEN EXCHANGE RATES";
			sourceTree = "<group>";
		};
		476DD9EE1729A37D0076C301 /* NSTextView */ = {
			isa = PBXGroup;
			children = (
				476DD9F41729A3C90076C301 /* TTTextView.h */,
				476DD9F51729A3C90076C301 /* TTTextView.m */,
			);
			path = NSTextView;
			sourceTree = "<group>";
		};
		476DD9EF1729A37D0076C301 /* NSView */ = {
			isa = PBXGroup;
			children = (
				476DD9F01729A37D0076C301 /* TTStatusBarView.h */,
				476DD9F11729A37D0076C301 /* TTStatusBarView.m */,
				478121121731BDAF00879CD6 /* TTArbitrageStackView.h */,
				478121131731BDAF00879CD6 /* TTArbitrageStackView.m */,
				479AE8AB17386B2D0043C10D /* TTAPIControlBoxView.h */,
				479AE8AC17386B2D0043C10D /* TTAPIControlBoxView.m */,
				470779981739967100DBBC47 /* NSView+Utility.h */,
				470779991739967100DBBC47 /* NSView+Utility.m */,
				473DF882173BFB5400C356A1 /* TTGraphView.h */,
				473DF883173BFB5400C356A1 /* TTGraphView.m */,
			);
			path = NSView;
			sourceTree = "<group>";
		};
		47705637172112DF0084FE5F /* model */ = {
			isa = PBXGroup;
			children = (
				477056401721130B0084FE5F /* Ticker.h */,
				477056411721130B0084FE5F /* Ticker.m */,
				4770563C1721130B0084FE5F /* Tick.h */,
				4770563D1721130B0084FE5F /* Tick.m */,
				477056381721130B0084FE5F /* Depth.h */,
				477056391721130B0084FE5F /* Depth.m */,
				477056461721BCB70084FE5F /* TTGoxCurrency.h */,
				477056471721BCB80084FE5F /* TTGoxCurrency.m */,
			);
			path = model;
			sourceTree = "<group>";
		};
		47D200881708AC2000AEA412 /* Controller */ = {
			isa = PBXGroup;
			children = (
				473DF89C173DB89000C356A1 /* APPLICATION */,
				473DF89F173DB89000C356A1 /* COINBASE */,
				473DF8A2173DB89000C356A1 /* MTGOX */,
				473DF8AF173DB89000C356A1 /* OPEN EXCHANGE RATES */,
			);
			path = Controller;
			sourceTree = "<group>";
		};
		47D2009B1709584200AEA412 /* JSONKit */ = {
			isa = PBXGroup;
			children = (
				47D2009C1709584200AEA412 /* CHANGELOG.md */,
				47D2009D1709584200AEA412 /* JSONKit.h */,
				47D2009E1709584200AEA412 /* JSONKit.m */,
				47D2009F1709584200AEA412 /* README.md */,
			);
			path = JSONKit;
			sourceTree = "<group>";
		};
		47D2FD191702764300AEA412 = {
			isa = PBXGroup;
			children = (
				47D2FD2B1702764300AEA412 /* TulipTrader */,
				47D2FD4B1702764300AEA412 /* TulipTraderTests */,
				47D2FD241702764300AEA412 /* Frameworks */,
				47D2FD231702764300AEA412 /* Products */,
			);
			sourceTree = "<group>";
		};
		47D2FD231702764300AEA412 /* Products */ = {
			isa = PBXGroup;
			children = (
				47D2FD221702764300AEA412 /* TulipTrader.app */,
				47D2FD451702764300AEA412 /* TulipTraderTests.octest */,
			);
			name = Products;
			sourceTree = "<group>";
		};
		47D2FD241702764300AEA412 /* Frameworks */ = {
			isa = PBXGroup;
			children = (
				473DF83C173AAAC600C356A1 /* QuartzCore.framework */,
				470779C61739B7C100DBBC47 /* SystemConfiguration.framework */,
				47D2FE261703786800AEA412 /* Security.framework */,
				47D2FE241703782600AEA412 /* libicucore.dylib */,
				47D2FE211703780F00AEA412 /* CoreServices.framework */,
				47D2FD251702764300AEA412 /* Cocoa.framework */,
				47D2FD461702764300AEA412 /* SenTestingKit.framework */,
				47D2FD271702764300AEA412 /* Other Frameworks */,
			);
			name = Frameworks;
			sourceTree = "<group>";
		};
		47D2FD271702764300AEA412 /* Other Frameworks */ = {
			isa = PBXGroup;
			children = (
				47D2FD281702764300AEA412 /* AppKit.framework */,
				47D2FD291702764300AEA412 /* CoreData.framework */,
				47D2FD2A1702764300AEA412 /* Foundation.framework */,
			);
			name = "Other Frameworks";
			sourceTree = "<group>";
		};
		47D2FD2B1702764300AEA412 /* TulipTrader */ = {
			isa = PBXGroup;
			children = (
				473DF897173C4EDD00C356A1 /* Categories */,
				47705637172112DF0084FE5F /* model */,
				47D200B2170D53A400AEA412 /* Data_Event_Formats.rtf */,
				473DF842173AB91300C356A1 /* Window */,
				47DDDF4B1710A5810087EE78 /* ViewController */,
				47DDDF41170FF3BA0087EE78 /* Views */,
				47D200881708AC2000AEA412 /* Controller */,
				47D2FE2B1708A94000AEA412 /* Library */,
				47D2FD371702764300AEA412 /* TTAppDelegate.h */,
				47D2FD381702764300AEA412 /* TTAppDelegate.m */,
				47D2FD3A1702764300AEA412 /* MainMenu.xib */,
				47D2FD3D1702764300AEA412 /* TulipTrader.xcdatamodeld */,
				47D2FDFE1702880100AEA412 /* SocketRocket */,
				47D2FD2C1702764300AEA412 /* Supporting Files */,
				47A749F417110636007792AC /* TTFrameConstants.h */,
			);
			path = TulipTrader;
			sourceTree = "<group>";
		};
		47D2FD2C1702764300AEA412 /* Supporting Files */ = {
			isa = PBXGroup;
			children = (
				47D2FD2D1702764300AEA412 /* TulipTrader-Info.plist */,
				47D2FD2E1702764300AEA412 /* InfoPlist.strings */,
				47D2FD311702764300AEA412 /* main.m */,
				47D2FD331702764300AEA412 /* TulipTrader-Prefix.pch */,
				47D2FD341702764300AEA412 /* Credits.rtf */,
			);
			name = "Supporting Files";
			sourceTree = "<group>";
		};
		47D2FD4B1702764300AEA412 /* TulipTraderTests */ = {
			isa = PBXGroup;
			children = (
				47D2FD511702764300AEA412 /* TulipTraderTests.h */,
				47D2FD521702764300AEA412 /* TulipTraderTests.m */,
				47D2FD4C1702764300AEA412 /* Supporting Files */,
			);
			path = TulipTraderTests;
			sourceTree = "<group>";
		};
		47D2FD4C1702764300AEA412 /* Supporting Files */ = {
			isa = PBXGroup;
			children = (
				47D2FD4D1702764300AEA412 /* TulipTraderTests-Info.plist */,
				47D2FD4E1702764300AEA412 /* InfoPlist.strings */,
			);
			name = "Supporting Files";
			sourceTree = "<group>";
		};
		47D2FDFE1702880100AEA412 /* SocketRocket */ = {
			isa = PBXGroup;
			children = (
				47D2FE14170376DB00AEA412 /* base64.c */,
				47D2FE15170376DB00AEA412 /* base64.h */,
				47D2FE16170376DB00AEA412 /* NSData+SRB64Additions.h */,
				47D2FE17170376DB00AEA412 /* NSData+SRB64Additions.m */,
				47D2FE18170376DB00AEA412 /* SocketRocket-Prefix.pch */,
				47D2FE19170376DB00AEA412 /* SRWebSocket.h */,
				47D2FE1A170376DB00AEA412 /* SRWebSocket.m */,
			);
			name = SocketRocket;
			sourceTree = "<group>";
		};
		47D2FE2B1708A94000AEA412 /* Library */ = {
			isa = PBXGroup;
			children = (
				473DF88B173C1C8800C356A1 /* CorePlot.xcodeproj */,
				473DF82F173AA9DD00C356A1 /* CorePlot */,
				470779A01739B7A100DBBC47 /* AFNetworking */,
				47D2009B1709584200AEA412 /* JSONKit */,
				47D2007D1708AB7C00AEA412 /* RUClassOrNilUtil.h */,
				47D2007E1708AB7C00AEA412 /* RUConstants.h */,
				47D2007F1708AB7C00AEA412 /* RUDebug.h */,
				47D200801708AB7C00AEA412 /* RUShowViewUtil.h */,
				47D200811708AB7C00AEA412 /* RUSingleton.h */,
				47D200821708AB7C00AEA412 /* RUStaticVariableSynthesization.h */,
				47D200831708AB7C00AEA412 /* RUSynthesizeUserDefaultMethods.h */,
			);
			path = Library;
			sourceTree = "<group>";
		};
		47DDDF41170FF3BA0087EE78 /* Views */ = {
			isa = PBXGroup;
			children = (
				470991521729D6140091E6E2 /* NSBox */,
				476DD9EE1729A37D0076C301 /* NSTextView */,
				476DD9EF1729A37D0076C301 /* NSView */,
			);
			path = Views;
			sourceTree = "<group>";
		};
		47DDDF4B1710A5810087EE78 /* ViewController */ = {
			isa = PBXGroup;
			children = (
				47DDDF4C1710A59E0087EE78 /* TTMasterViewController.h */,
				47DDDF4D1710A59E0087EE78 /* TTMasterViewController.m */,
				47DDDF4E1710A59E0087EE78 /* TTMasterViewController.xib */,
			);
			path = ViewController;
			sourceTree = "<group>";
		};
/* End PBXGroup section */

/* Begin PBXNativeTarget section */
		47D2FD211702764300AEA412 /* TulipTrader */ = {
			isa = PBXNativeTarget;
			buildConfigurationList = 47D2FD561702764300AEA412 /* Build configuration list for PBXNativeTarget "TulipTrader" */;
			buildPhases = (
				47D2FD1E1702764300AEA412 /* Sources */,
				47D2FD1F1702764300AEA412 /* Frameworks */,
				47D2FD201702764300AEA412 /* Resources */,
				47D2FE0F1702894F00AEA412 /* CopyFiles */,
			);
			buildRules = (
			);
			dependencies = (
			);
			name = TulipTrader;
			productName = TulipTrader;
			productReference = 47D2FD221702764300AEA412 /* TulipTrader.app */;
			productType = "com.apple.product-type.application";
		};
		47D2FD441702764300AEA412 /* TulipTraderTests */ = {
			isa = PBXNativeTarget;
			buildConfigurationList = 47D2FD591702764300AEA412 /* Build configuration list for PBXNativeTarget "TulipTraderTests" */;
			buildPhases = (
				47D2FD401702764300AEA412 /* Sources */,
				47D2FD411702764300AEA412 /* Frameworks */,
				47D2FD421702764300AEA412 /* Resources */,
				47D2FD431702764300AEA412 /* ShellScript */,
			);
			buildRules = (
			);
			dependencies = (
				47D2FD4A1702764300AEA412 /* PBXTargetDependency */,
			);
			name = TulipTraderTests;
			productName = TulipTraderTests;
			productReference = 47D2FD451702764300AEA412 /* TulipTraderTests.octest */;
			productType = "com.apple.product-type.bundle";
		};
/* End PBXNativeTarget section */

/* Begin PBXProject section */
		47D2FD1A1702764300AEA412 /* Project object */ = {
			isa = PBXProject;
			attributes = {
				CLASSPREFIX = TT;
				LastUpgradeCheck = 0460;
				ORGANIZATIONNAME = "Resplendent G.P. Sheldon Thomas";
			};
			buildConfigurationList = 47D2FD1D1702764300AEA412 /* Build configuration list for PBXProject "TulipTrader" */;
			compatibilityVersion = "Xcode 3.2";
			developmentRegion = English;
			hasScannedForEncodings = 0;
			knownRegions = (
				en,
			);
			mainGroup = 47D2FD191702764300AEA412;
			productRefGroup = 47D2FD231702764300AEA412 /* Products */;
			projectDirPath = "";
			projectReferences = (
				{
					ProductGroup = 473DF88C173C1C8800C356A1 /* Products */;
					ProjectRef = 473DF88B173C1C8800C356A1 /* CorePlot.xcodeproj */;
				},
			);
			projectRoot = "";
			targets = (
				47D2FD211702764300AEA412 /* TulipTrader */,
				47D2FD441702764300AEA412 /* TulipTraderTests */,
			);
		};
/* End PBXProject section */

/* Begin PBXReferenceProxy section */
		473DF892173C1C8900C356A1 /* CorePlot.framework */ = {
			isa = PBXReferenceProxy;
			fileType = wrapper.framework;
			path = CorePlot.framework;
			remoteRef = 473DF891173C1C8900C356A1 /* PBXContainerItemProxy */;
			sourceTree = BUILT_PRODUCTS_DIR;
		};
		473DF894173C1C8900C356A1 /* UnitTests.octest */ = {
			isa = PBXReferenceProxy;
			fileType = wrapper.cfbundle;
			path = UnitTests.octest;
			remoteRef = 473DF893173C1C8900C356A1 /* PBXContainerItemProxy */;
			sourceTree = BUILT_PRODUCTS_DIR;
		};
/* End PBXReferenceProxy section */

/* Begin PBXResourcesBuildPhase section */
		47D2FD201702764300AEA412 /* Resources */ = {
			isa = PBXResourcesBuildPhase;
			buildActionMask = 2147483647;
			files = (
				47D2FD301702764300AEA412 /* InfoPlist.strings in Resources */,
				47D2FD361702764300AEA412 /* Credits.rtf in Resources */,
				47D2FD3C1702764300AEA412 /* MainMenu.xib in Resources */,
				47D200A01709584200AEA412 /* CHANGELOG.md in Resources */,
				47D200A41709584200AEA412 /* README.md in Resources */,
				47D200B3170D53A400AEA412 /* Data_Event_Formats.rtf in Resources */,
				47DDDF511710A59E0087EE78 /* TTMasterViewController.xib in Resources */,
			);
			runOnlyForDeploymentPostprocessing = 0;
		};
		47D2FD421702764300AEA412 /* Resources */ = {
			isa = PBXResourcesBuildPhase;
			buildActionMask = 2147483647;
			files = (
				47D2FD501702764300AEA412 /* InfoPlist.strings in Resources */,
				47D200A11709584200AEA412 /* CHANGELOG.md in Resources */,
				47D200A51709584200AEA412 /* README.md in Resources */,
				47DDDF521710A59E0087EE78 /* TTMasterViewController.xib in Resources */,
			);
			runOnlyForDeploymentPostprocessing = 0;
		};
/* End PBXResourcesBuildPhase section */

/* Begin PBXShellScriptBuildPhase section */
		47D2FD431702764300AEA412 /* ShellScript */ = {
			isa = PBXShellScriptBuildPhase;
			buildActionMask = 2147483647;
			files = (
			);
			inputPaths = (
			);
			outputPaths = (
			);
			runOnlyForDeploymentPostprocessing = 0;
			shellPath = /bin/sh;
			shellScript = "# Run the unit tests in this test bundle.\n\"${SYSTEM_DEVELOPER_DIR}/Tools/RunUnitTests\"\n";
		};
/* End PBXShellScriptBuildPhase section */

/* Begin PBXSourcesBuildPhase section */
		47D2FD1E1702764300AEA412 /* Sources */ = {
			isa = PBXSourcesBuildPhase;
			buildActionMask = 2147483647;
			files = (
				47D2FD321702764300AEA412 /* main.m in Sources */,
				47D2FD391702764300AEA412 /* TTAppDelegate.m in Sources */,
				47D2FD3F1702764300AEA412 /* TulipTrader.xcdatamodeld in Sources */,
				47D2FE1B170376DB00AEA412 /* base64.c in Sources */,
				47D2FE1D170376DB00AEA412 /* NSData+SRB64Additions.m in Sources */,
				47D2FE1F170376DB00AEA412 /* SRWebSocket.m in Sources */,
				47D200A21709584200AEA412 /* JSONKit.m in Sources */,
				47DDDF4F1710A59E0087EE78 /* TTMasterViewController.m in Sources */,
				4770563A1721130B0084FE5F /* Depth.m in Sources */,
				4770563E1721130B0084FE5F /* Tick.m in Sources */,
				477056421721130C0084FE5F /* Ticker.m in Sources */,
				477056481721BCB90084FE5F /* TTGoxCurrency.m in Sources */,
				476DD9F21729A37D0076C301 /* TTStatusBarView.m in Sources */,
				476DD9F61729A3C90076C301 /* TTTextView.m in Sources */,
				470991551729D6240091E6E2 /* TTCurrencyBox.m in Sources */,
				478121141731BDAF00879CD6 /* TTArbitrageStackView.m in Sources */,
				478121181731C1BE00879CD6 /* TTArbitrageBox.m in Sources */,
				479AE8AD17386B2D0043C10D /* TTAPIControlBoxView.m in Sources */,
				4707799A1739967100DBBC47 /* NSView+Utility.m in Sources */,
				4707799E1739B32F00DBBC47 /* TTMarketBox.m in Sources */,
				470779B41739B7A100DBBC47 /* AFHTTPClient.m in Sources */,
				470779B61739B7A100DBBC47 /* AFHTTPRequestOperation.m in Sources */,
				470779B81739B7A100DBBC47 /* AFImageRequestOperation.m in Sources */,
				470779BA1739B7A100DBBC47 /* AFJSONRequestOperation.m in Sources */,
				470779BC1739B7A100DBBC47 /* AFNetworkActivityIndicatorManager.m in Sources */,
				470779BE1739B7A100DBBC47 /* AFPropertyListRequestOperation.m in Sources */,
				470779C01739B7A100DBBC47 /* AFURLConnectionOperation.m in Sources */,
				470779C21739B7A100DBBC47 /* AFXMLRequestOperation.m in Sources */,
				470779C41739B7A100DBBC47 /* UIImageView+AFNetworking.m in Sources */,
				473DF845173ACE7F00C356A1 /* TTGraphsWindow.m in Sources */,
				473DF884173BFB5400C356A1 /* TTGraphView.m in Sources */,
				473DF89A173C4EF300C356A1 /* NSColor+Hex.m in Sources */,
				473DF8B2173DB89000C356A1 /* TTMenuBehaviorController.m in Sources */,
				473DF8B4173DB89000C356A1 /* TTCoinbaseHTTPController.m in Sources */,
				473DF8B6173DB89000C356A1 /* TTGoxCurrencyController.m in Sources */,
				473DF8B8173DB89000C356A1 /* TTGoxHTTPController.m in Sources */,
				473DF8BA173DB89000C356A1 /* TTGoxPrivateMessageController.m in Sources */,
				473DF8BC173DB89000C356A1 /* TTGoxResultMessageController.m in Sources */,
				473DF8BE173DB89000C356A1 /* TTGoxSocketController.m in Sources */,
				473DF8C0173DB89000C356A1 /* TTOperationsController.m in Sources */,
				473DF8C2173DB89000C356A1 /* TTOERatesController.m in Sources */,
			);
			runOnlyForDeploymentPostprocessing = 0;
		};
		47D2FD401702764300AEA412 /* Sources */ = {
			isa = PBXSourcesBuildPhase;
			buildActionMask = 2147483647;
			files = (
				47D2FD531702764300AEA412 /* TulipTraderTests.m in Sources */,
				47D2FE1C170376DB00AEA412 /* base64.c in Sources */,
				47D2FE1E170376DB00AEA412 /* NSData+SRB64Additions.m in Sources */,
				47D2FE20170376DB00AEA412 /* SRWebSocket.m in Sources */,
				47D200A31709584200AEA412 /* JSONKit.m in Sources */,
				47DDDF501710A59E0087EE78 /* TTMasterViewController.m in Sources */,
				4770563B1721130B0084FE5F /* Depth.m in Sources */,
				4770563F1721130B0084FE5F /* Tick.m in Sources */,
				477056431721130C0084FE5F /* Ticker.m in Sources */,
				476DD9F31729A37D0076C301 /* TTStatusBarView.m in Sources */,
				476DD9F71729A3C90076C301 /* TTTextView.m in Sources */,
				470991561729D6240091E6E2 /* TTCurrencyBox.m in Sources */,
				478121151731BDAF00879CD6 /* TTArbitrageStackView.m in Sources */,
				478121191731C1BE00879CD6 /* TTArbitrageBox.m in Sources */,
				479AE8AE17386B2D0043C10D /* TTAPIControlBoxView.m in Sources */,
				4707799B1739967100DBBC47 /* NSView+Utility.m in Sources */,
				4707799F1739B32F00DBBC47 /* TTMarketBox.m in Sources */,
				470779B51739B7A100DBBC47 /* AFHTTPClient.m in Sources */,
				470779B71739B7A100DBBC47 /* AFHTTPRequestOperation.m in Sources */,
				470779B91739B7A100DBBC47 /* AFImageRequestOperation.m in Sources */,
				470779BB1739B7A100DBBC47 /* AFJSONRequestOperation.m in Sources */,
				470779BD1739B7A100DBBC47 /* AFNetworkActivityIndicatorManager.m in Sources */,
				470779BF1739B7A100DBBC47 /* AFPropertyListRequestOperation.m in Sources */,
				470779C11739B7A100DBBC47 /* AFURLConnectionOperation.m in Sources */,
				470779C31739B7A100DBBC47 /* AFXMLRequestOperation.m in Sources */,
				470779C51739B7A100DBBC47 /* UIImageView+AFNetworking.m in Sources */,
				473DF846173ACE7F00C356A1 /* TTGraphsWindow.m in Sources */,
				473DF885173BFB5400C356A1 /* TTGraphView.m in Sources */,
				473DF89B173C4EF300C356A1 /* NSColor+Hex.m in Sources */,
				473DF8B3173DB89000C356A1 /* TTMenuBehaviorController.m in Sources */,
				473DF8B5173DB89000C356A1 /* TTCoinbaseHTTPController.m in Sources */,
				473DF8B7173DB89000C356A1 /* TTGoxCurrencyController.m in Sources */,
				473DF8B9173DB89000C356A1 /* TTGoxHTTPController.m in Sources */,
				473DF8BB173DB89000C356A1 /* TTGoxPrivateMessageController.m in Sources */,
				473DF8BD173DB89000C356A1 /* TTGoxResultMessageController.m in Sources */,
				473DF8BF173DB89000C356A1 /* TTGoxSocketController.m in Sources */,
				473DF8C1173DB89000C356A1 /* TTOperationsController.m in Sources */,
				473DF8C3173DB89000C356A1 /* TTOERatesController.m in Sources */,
			);
			runOnlyForDeploymentPostprocessing = 0;
		};
/* End PBXSourcesBuildPhase section */

/* Begin PBXTargetDependency section */
		47D2FD4A1702764300AEA412 /* PBXTargetDependency */ = {
			isa = PBXTargetDependency;
			target = 47D2FD211702764300AEA412 /* TulipTrader */;
			targetProxy = 47D2FD491702764300AEA412 /* PBXContainerItemProxy */;
		};
/* End PBXTargetDependency section */

/* Begin PBXVariantGroup section */
		47D2FD2E1702764300AEA412 /* InfoPlist.strings */ = {
			isa = PBXVariantGroup;
			children = (
				47D2FD2F1702764300AEA412 /* en */,
			);
			name = InfoPlist.strings;
			sourceTree = "<group>";
		};
		47D2FD341702764300AEA412 /* Credits.rtf */ = {
			isa = PBXVariantGroup;
			children = (
				47D2FD351702764300AEA412 /* en */,
			);
			name = Credits.rtf;
			sourceTree = "<group>";
		};
		47D2FD3A1702764300AEA412 /* MainMenu.xib */ = {
			isa = PBXVariantGroup;
			children = (
				47D2FD3B1702764300AEA412 /* en */,
			);
			name = MainMenu.xib;
			sourceTree = "<group>";
		};
		47D2FD4E1702764300AEA412 /* InfoPlist.strings */ = {
			isa = PBXVariantGroup;
			children = (
				47D2FD4F1702764300AEA412 /* en */,
			);
			name = InfoPlist.strings;
			sourceTree = "<group>";
		};
/* End PBXVariantGroup section */

/* Begin XCBuildConfiguration section */
		47D2FD541702764300AEA412 /* Debug */ = {
			isa = XCBuildConfiguration;
			buildSettings = {
				ALWAYS_SEARCH_USER_PATHS = NO;
				ARCHS = "$(ARCHS_STANDARD_64_BIT)";
				CLANG_CXX_LANGUAGE_STANDARD = "gnu++0x";
				CLANG_CXX_LIBRARY = "libc++";
				CLANG_ENABLE_OBJC_ARC = YES;
				CLANG_WARN_CONSTANT_CONVERSION = YES;
				CLANG_WARN_EMPTY_BODY = YES;
				CLANG_WARN_ENUM_CONVERSION = YES;
				CLANG_WARN_INT_CONVERSION = YES;
				CLANG_WARN__DUPLICATE_METHOD_MATCH = YES;
				COPY_PHASE_STRIP = NO;
				GCC_C_LANGUAGE_STANDARD = gnu99;
				GCC_DYNAMIC_NO_PIC = NO;
				GCC_ENABLE_OBJC_EXCEPTIONS = YES;
				GCC_OPTIMIZATION_LEVEL = 0;
				GCC_PREPROCESSOR_DEFINITIONS = (
					"DEBUG=1",
					"$(inherited)",
				);
				GCC_SYMBOLS_PRIVATE_EXTERN = NO;
				GCC_WARN_64_TO_32_BIT_CONVERSION = YES;
				GCC_WARN_ABOUT_RETURN_TYPE = YES;
				GCC_WARN_UNINITIALIZED_AUTOS = YES;
				GCC_WARN_UNUSED_VARIABLE = YES;
				MACOSX_DEPLOYMENT_TARGET = 10.8;
				MOMC_NO_INVERSE_RELATIONSHIP_WARNINGS = YES;
				ONLY_ACTIVE_ARCH = YES;
				SDKROOT = macosx;
			};
			name = Debug;
		};
		47D2FD551702764300AEA412 /* Release */ = {
			isa = XCBuildConfiguration;
			buildSettings = {
				ALWAYS_SEARCH_USER_PATHS = NO;
				ARCHS = "$(ARCHS_STANDARD_64_BIT)";
				CLANG_CXX_LANGUAGE_STANDARD = "gnu++0x";
				CLANG_CXX_LIBRARY = "libc++";
				CLANG_ENABLE_OBJC_ARC = YES;
				CLANG_WARN_CONSTANT_CONVERSION = YES;
				CLANG_WARN_EMPTY_BODY = YES;
				CLANG_WARN_ENUM_CONVERSION = YES;
				CLANG_WARN_INT_CONVERSION = YES;
				CLANG_WARN__DUPLICATE_METHOD_MATCH = YES;
				COPY_PHASE_STRIP = YES;
				DEBUG_INFORMATION_FORMAT = "dwarf-with-dsym";
				GCC_C_LANGUAGE_STANDARD = gnu99;
				GCC_ENABLE_OBJC_EXCEPTIONS = YES;
				GCC_WARN_64_TO_32_BIT_CONVERSION = YES;
				GCC_WARN_ABOUT_RETURN_TYPE = YES;
				GCC_WARN_UNINITIALIZED_AUTOS = YES;
				GCC_WARN_UNUSED_VARIABLE = YES;
				MACOSX_DEPLOYMENT_TARGET = 10.8;
				MOMC_NO_INVERSE_RELATIONSHIP_WARNINGS = YES;
				SDKROOT = macosx;
			};
			name = Release;
		};
		47D2FD571702764300AEA412 /* Debug */ = {
			isa = XCBuildConfiguration;
			buildSettings = {
				COMBINE_HIDPI_IMAGES = YES;
				GCC_PRECOMPILE_PREFIX_HEADER = YES;
				GCC_PREFIX_HEADER = "TulipTrader/TulipTrader-Prefix.pch";
				INFOPLIST_FILE = "TulipTrader/TulipTrader-Info.plist";
				PRODUCT_NAME = "$(TARGET_NAME)";
				WRAPPER_EXTENSION = app;
			};
			name = Debug;
		};
		47D2FD581702764300AEA412 /* Release */ = {
			isa = XCBuildConfiguration;
			buildSettings = {
				COMBINE_HIDPI_IMAGES = YES;
				GCC_PRECOMPILE_PREFIX_HEADER = YES;
				GCC_PREFIX_HEADER = "TulipTrader/TulipTrader-Prefix.pch";
				INFOPLIST_FILE = "TulipTrader/TulipTrader-Info.plist";
				PRODUCT_NAME = "$(TARGET_NAME)";
				WRAPPER_EXTENSION = app;
			};
			name = Release;
		};
		47D2FD5A1702764300AEA412 /* Debug */ = {
			isa = XCBuildConfiguration;
			buildSettings = {
				BUNDLE_LOADER = "$(BUILT_PRODUCTS_DIR)/TulipTrader.app/Contents/MacOS/TulipTrader";
				COMBINE_HIDPI_IMAGES = YES;
				FRAMEWORK_SEARCH_PATHS = "\"$(DEVELOPER_LIBRARY_DIR)/Frameworks\"";
				GCC_PRECOMPILE_PREFIX_HEADER = YES;
				GCC_PREFIX_HEADER = "TulipTrader/TulipTrader-Prefix.pch";
				INFOPLIST_FILE = "TulipTraderTests/TulipTraderTests-Info.plist";
				PRODUCT_NAME = "$(TARGET_NAME)";
				TEST_HOST = "$(BUNDLE_LOADER)";
				WRAPPER_EXTENSION = octest;
			};
			name = Debug;
		};
		47D2FD5B1702764300AEA412 /* Release */ = {
			isa = XCBuildConfiguration;
			buildSettings = {
				BUNDLE_LOADER = "$(BUILT_PRODUCTS_DIR)/TulipTrader.app/Contents/MacOS/TulipTrader";
				COMBINE_HIDPI_IMAGES = YES;
				FRAMEWORK_SEARCH_PATHS = "\"$(DEVELOPER_LIBRARY_DIR)/Frameworks\"";
				GCC_PRECOMPILE_PREFIX_HEADER = YES;
				GCC_PREFIX_HEADER = "TulipTrader/TulipTrader-Prefix.pch";
				INFOPLIST_FILE = "TulipTraderTests/TulipTraderTests-Info.plist";
				PRODUCT_NAME = "$(TARGET_NAME)";
				TEST_HOST = "$(BUNDLE_LOADER)";
				WRAPPER_EXTENSION = octest;
			};
			name = Release;
		};
/* End XCBuildConfiguration section */

/* Begin XCConfigurationList section */
		47D2FD1D1702764300AEA412 /* Build configuration list for PBXProject "TulipTrader" */ = {
			isa = XCConfigurationList;
			buildConfigurations = (
				47D2FD541702764300AEA412 /* Debug */,
				47D2FD551702764300AEA412 /* Release */,
			);
			defaultConfigurationIsVisible = 0;
			defaultConfigurationName = Release;
		};
		47D2FD561702764300AEA412 /* Build configuration list for PBXNativeTarget "TulipTrader" */ = {
			isa = XCConfigurationList;
			buildConfigurations = (
				47D2FD571702764300AEA412 /* Debug */,
				47D2FD581702764300AEA412 /* Release */,
			);
			defaultConfigurationIsVisible = 0;
			defaultConfigurationName = Release;
		};
		47D2FD591702764300AEA412 /* Build configuration list for PBXNativeTarget "TulipTraderTests" */ = {
			isa = XCConfigurationList;
			buildConfigurations = (
				47D2FD5A1702764300AEA412 /* Debug */,
				47D2FD5B1702764300AEA412 /* Release */,
			);
			defaultConfigurationIsVisible = 0;
			defaultConfigurationName = Release;
		};
/* End XCConfigurationList section */

/* Begin XCVersionGroup section */
		47D2FD3D1702764300AEA412 /* TulipTrader.xcdatamodeld */ = {
			isa = XCVersionGroup;
			children = (
				47D2FD3E1702764300AEA412 /* TulipTrader.xcdatamodel */,
			);
			currentVersion = 47D2FD3E1702764300AEA412 /* TulipTrader.xcdatamodel */;
			path = TulipTrader.xcdatamodeld;
			sourceTree = "<group>";
			versionGroupType = wrapper.xcdatamodel;
		};
/* End XCVersionGroup section */
	};
	rootObject = 47D2FD1A1702764300AEA412 /* Project object */;
}
